<?xml version="1.0" encoding="utf-8"?>
<Project ToolsVersion="4.0" xmlns="http://schemas.microsoft.com/developer/msbuild/2003">
  <ItemGroup>
    <Filter Include="ソース ファイル">
      <UniqueIdentifier>{4FC737F1-C7A5-4376-A066-2A32D752A2FF}</UniqueIdentifier>
      <Extensions>cpp;c;cc;cxx;c++;cppm;ixx;def;odl;idl;hpj;bat;asm;asmx</Extensions>
    </Filter>
    <Filter Include="ヘッダー ファイル">
      <UniqueIdentifier>{93995380-89BD-4b04-88EB-625FBE52EBFB}</UniqueIdentifier>
      <Extensions>h;hh;hpp;hxx;h++;hm;inl;inc;ipp;xsd</Extensions>
    </Filter>
    <Filter Include="リソース ファイル">
      <UniqueIdentifier>{67DA6AB6-F800-4c08-8B7A-83BB121AAD01}</UniqueIdentifier>
      <Extensions>rc;ico;cur;bmp;dlg;rc2;rct;bin;rgs;gif;jpg;jpeg;jpe;resx;tiff;tif;png;wav;mfcribbon-ms</Extensions>
    </Filter>
    <Filter Include="ヘッダー ファイル\Piece">
      <UniqueIdentifier>{f2aef7b7-ea3d-4125-827c-a463bca68594}</UniqueIdentifier>
    </Filter>
    <Filter Include="ソース ファイル\complete">
      <UniqueIdentifier>{99ce34f0-214c-4d99-88ae-43cb1a613407}</UniqueIdentifier>
    </Filter>
    <Filter Include="ソース ファイル\DX12">
      <UniqueIdentifier>{57166d13-f0c8-4ec6-b25f-be519ec0030e}</UniqueIdentifier>
    </Filter>
    <Filter Include="ソース ファイル\shader">
      <UniqueIdentifier>{b6044eb4-9f10-4e02-bdb3-192f1a5e23b9}</UniqueIdentifier>
    </Filter>
    <Filter Include="ヘッダー ファイル\struct">
      <UniqueIdentifier>{be4e91d5-d58e-421f-9cd4-595eac7aa787}</UniqueIdentifier>
    </Filter>
    <Filter Include="ヘッダー ファイル\argument">
      <UniqueIdentifier>{25b51312-ac09-4327-bb0d-63a1e0e5aff7}</UniqueIdentifier>
    </Filter>
    <Filter Include="ヘッダー ファイル\DX12">
      <UniqueIdentifier>{0e035323-ee1f-4428-9320-4d22a40c736c}</UniqueIdentifier>
    </Filter>
  </ItemGroup>
  <ItemGroup>
    <ClCompile Include="src\Application.cpp">
      <Filter>ソース ファイル</Filter>
    </ClCompile>
    <ClCompile Include="src\main.cpp">
      <Filter>ソース ファイル\complete</Filter>
    </ClCompile>
    <ClCompile Include="src\DX12.cpp">
      <Filter>ソース ファイル\DX12</Filter>
    </ClCompile>
    <ClCompile Include="header\DrawArg.h">
      <Filter>ヘッダー ファイル\argument</Filter>
    </ClCompile>
    <ClCompile Include="src\Shader.cpp">
      <Filter>ソース ファイル\DX12</Filter>
    </ClCompile>
    <ClCompile Include="src\Texture.cpp">
      <Filter>ソース ファイル\DX12</Filter>
    </ClCompile>
    <ClCompile Include="src\Vertex.cpp">
      <Filter>ソース ファイル\DX12</Filter>
    </ClCompile>
    <ClCompile Include="src\Const.cpp">
      <Filter>ソース ファイル\DX12</Filter>
    </ClCompile>
    <ClCompile Include="src\Draw.cpp">
      <Filter>ソース ファイル</Filter>
    </ClCompile>
    <ClCompile Include="src\Object.cpp">
      <Filter>ソース ファイル</Filter>
    </ClCompile>
    <ClCompile Include="src\Heap.cpp">
      <Filter>ソース ファイル\DX12</Filter>
    </ClCompile>
    <ClCompile Include="src\RootSignature.cpp">
      <Filter>ソース ファイル\DX12</Filter>
    </ClCompile>
    <ClCompile Include="src\Pipeline.cpp">
      <Filter>ソース ファイル\DX12</Filter>
    </ClCompile>
    <ClCompile Include="src\DXGIFactory.cpp">
      <Filter>ソース ファイル\DX12</Filter>
    </ClCompile>
    <ClCompile Include="src\Device.cpp">
      <Filter>ソース ファイル\DX12</Filter>
    </ClCompile>
    <ClCompile Include="src\Adapter.cpp">
      <Filter>ソース ファイル\DX12</Filter>
    </ClCompile>
  </ItemGroup>
  <ItemGroup>
    <ClInclude Include="header\Application.h">
      <Filter>ヘッダー ファイル</Filter>
    </ClInclude>
    <ClInclude Include="header\Piece.h">
      <Filter>ヘッダー ファイル\Piece</Filter>
    </ClInclude>
    <ClInclude Include="header\TextureStruct.h">
      <Filter>ヘッダー ファイル\struct</Filter>
    </ClInclude>
    <ClInclude Include="header\VertexStruct.h">
      <Filter>ヘッダー ファイル\struct</Filter>
    </ClInclude>
    <ClInclude Include="header\DX12.h">
      <Filter>ヘッダー ファイル\DX12</Filter>
    </ClInclude>
    <ClInclude Include="header\Object.h">
      <Filter>ヘッダー ファイル</Filter>
    </ClInclude>
    <ClInclude Include="header\Draw.h">
      <Filter>ヘッダー ファイル\DX12</Filter>
    </ClInclude>
    <ClInclude Include="header\Texture.h">
      <Filter>ヘッダー ファイル\DX12</Filter>
    </ClInclude>
    <ClInclude Include="header\TextureArg.h">
      <Filter>ヘッダー ファイル\argument</Filter>
    </ClInclude>
    <ClInclude Include="header\Shader.h">
      <Filter>ヘッダー ファイル\DX12</Filter>
    </ClInclude>
    <ClInclude Include="header\Vertex.h">
      <Filter>ヘッダー ファイル\DX12</Filter>
    </ClInclude>
    <ClInclude Include="header\VertexArg.h">
      <Filter>ヘッダー ファイル\argument</Filter>
    </ClInclude>
    <ClInclude Include="header\Const.h">
      <Filter>ヘッダー ファイル\DX12</Filter>
    </ClInclude>
    <ClInclude Include="header\Heap.h">
      <Filter>ヘッダー ファイル\DX12</Filter>
    </ClInclude>
    <ClInclude Include="header\HeapArg.h">
      <Filter>ヘッダー ファイル\argument</Filter>
    </ClInclude>
    <ClInclude Include="header\RootSignature.h">
      <Filter>ヘッダー ファイル\DX12</Filter>
    </ClInclude>
    <ClInclude Include="header\Pipeline.h">
      <Filter>ヘッダー ファイル\DX12</Filter>
    </ClInclude>
    <ClInclude Include="header\PipelineArg.h">
      <Filter>ヘッダー ファイル\argument</Filter>
    </ClInclude>
    <ClInclude Include="header\DXGIFactory.h">
      <Filter>ヘッダー ファイル\DX12</Filter>
    </ClInclude>
    <ClInclude Include="header\Device.h">
      <Filter>ヘッダー ファイル\DX12</Filter>
    </ClInclude>
    <ClInclude Include="header\Adapter.h">
      <Filter>ヘッダー ファイル\DX12</Filter>
    </ClInclude>
  </ItemGroup>
  <ItemGroup>
    <FxCompile Include="shader\VertexShader.hlsl">
      <Filter>ソース ファイル\shader</Filter>
    </FxCompile>
    <FxCompile Include="shader\PixelShader.hlsl">
      <Filter>ソース ファイル\shader</Filter>
    </FxCompile>
  </ItemGroup>
  <ItemGroup>
    <None Include="shader\Shader.hlsli">
      <Filter>ソース ファイル\shader</Filter>
    </None>
  </ItemGroup>
</Project>