<?xml version="1.0" encoding="utf-8"?>
<Project ToolsVersion="4.0" xmlns="http://schemas.microsoft.com/developer/msbuild/2003">
  <ItemGroup>
    <Filter Include="ソース ファイル">
      <UniqueIdentifier>{4FC737F1-C7A5-4376-A066-2A32D752A2FF}</UniqueIdentifier>
      <Extensions>cpp;c;cc;cxx;c++;cppm;ixx;def;odl;idl;hpj;bat;asm;asmx</Extensions>
    </Filter>
    <Filter Include="ヘッダー ファイル">
      <UniqueIdentifier>{93995380-89BD-4b04-88EB-625FBE52EBFB}</UniqueIdentifier>
      <Extensions>h;hh;hpp;hxx;h++;hm;inl;inc;ipp;xsd</Extensions>
    </Filter>
    <Filter Include="リソース ファイル">
      <UniqueIdentifier>{67DA6AB6-F800-4c08-8B7A-83BB121AAD01}</UniqueIdentifier>
      <Extensions>rc;ico;cur;bmp;dlg;rc2;rct;bin;rgs;gif;jpg;jpeg;jpe;resx;tiff;tif;png;wav;mfcribbon-ms</Extensions>
    </Filter>
    <Filter Include="ソース ファイル\dx12">
      <UniqueIdentifier>{57166d13-f0c8-4ec6-b25f-be519ec0030e}</UniqueIdentifier>
    </Filter>
    <Filter Include="ソース ファイル\dx12\csu">
      <UniqueIdentifier>{e9b92a4c-31a8-488f-ae82-24e612e18f8f}</UniqueIdentifier>
    </Filter>
    <Filter Include="ヘッダー ファイル\scene_state">
      <UniqueIdentifier>{78332d16-03d8-4c5d-ba6e-85e4652863a7}</UniqueIdentifier>
    </Filter>
    <Filter Include="ソース ファイル\scene_state">
      <UniqueIdentifier>{147c356d-309b-43f8-ae42-31545dbfb11d}</UniqueIdentifier>
    </Filter>
    <Filter Include="ソース ファイル\dx12\csu\const">
      <UniqueIdentifier>{1973c1c3-8565-48ec-8cc1-d6b5fc9d0e0e}</UniqueIdentifier>
    </Filter>
    <Filter Include="ソース ファイル\dx12\csu\texture">
      <UniqueIdentifier>{b1b639c0-1558-47a8-a1db-05be639f2be1}</UniqueIdentifier>
    </Filter>
    <Filter Include="ソース ファイル\dx12\shader">
      <UniqueIdentifier>{b6044eb4-9f10-4e02-bdb3-192f1a5e23b9}</UniqueIdentifier>
    </Filter>
    <Filter Include="ソース ファイル\dx12\pipeline">
      <UniqueIdentifier>{4d9136b2-661d-435c-a21a-86a74f92e969}</UniqueIdentifier>
    </Filter>
    <Filter Include="ソース ファイル\dx12\root_signature">
      <UniqueIdentifier>{1f141b1e-7fb8-4007-b75f-984f0b34ed0a}</UniqueIdentifier>
    </Filter>
    <Filter Include="ソース ファイル\dx12\factory">
      <UniqueIdentifier>{d56446de-5916-40ca-8a50-ebdc1a846640}</UniqueIdentifier>
    </Filter>
    <Filter Include="ソース ファイル\dx12\view">
      <UniqueIdentifier>{52b7f94d-9eab-4046-a556-632984c76bfd}</UniqueIdentifier>
    </Filter>
    <Filter Include="ソース ファイル\dx12\heap">
      <UniqueIdentifier>{3f63c6a1-4007-4c14-8813-569405da6e0d}</UniqueIdentifier>
    </Filter>
    <Filter Include="ソース ファイル\dx12\heap\desc_offset">
      <UniqueIdentifier>{f3e3d483-3a8f-4aef-af0c-f55ff304f6b4}</UniqueIdentifier>
    </Filter>
    <Filter Include="ソース ファイル\dx12\heap\heap_desc">
      <UniqueIdentifier>{7bae8294-3fc9-431f-9d5f-7461388be4a1}</UniqueIdentifier>
    </Filter>
    <Filter Include="ソース ファイル\dx12\buff">
      <UniqueIdentifier>{12c79aa5-4374-4fb4-afc0-d7480c48df7e}</UniqueIdentifier>
    </Filter>
    <Filter Include="ソース ファイル\dx12\heap\factory">
      <UniqueIdentifier>{8ac4bd23-3876-4b0e-8e1d-a276dcbabd94}</UniqueIdentifier>
    </Filter>
    <Filter Include="ソース ファイル\dx12\buff\factory">
      <UniqueIdentifier>{50efd447-8f5e-4158-a620-ffaeed66e307}</UniqueIdentifier>
    </Filter>
    <Filter Include="ソース ファイル\dx12\buff\factory\resource_states">
      <UniqueIdentifier>{e88a18d9-57bf-4711-8f26-aaab4ef62077}</UniqueIdentifier>
    </Filter>
    <Filter Include="ソース ファイル\dx12\buff\factory\heap_prop">
      <UniqueIdentifier>{3634e8d6-8e03-4364-8149-ab663ba445fc}</UniqueIdentifier>
    </Filter>
    <Filter Include="ソース ファイル\dx12\buff\factory\resource_desc">
      <UniqueIdentifier>{ed5ad725-a11a-4346-b047-7a6a4e94ee20}</UniqueIdentifier>
    </Filter>
    <Filter Include="ソース ファイル\dx12\resource_barrier">
      <UniqueIdentifier>{dfcae937-daa7-4782-9e5a-a4b4966ef6ac}</UniqueIdentifier>
    </Filter>
    <Filter Include="ソース ファイル\dx12\shader\hlsl">
      <UniqueIdentifier>{162b5be9-6f57-4d9c-b2f7-57a516f119d4}</UniqueIdentifier>
    </Filter>
    <Filter Include="ヘッダー ファイル\buffered_data">
      <UniqueIdentifier>{01903c31-7a31-41e5-92f9-f56d4d7a3b22}</UniqueIdentifier>
    </Filter>
    <Filter Include="ヘッダー ファイル\buffered_data\game_object">
      <UniqueIdentifier>{d881fad7-e34a-48b6-9fb2-44f03971fec5}</UniqueIdentifier>
    </Filter>
    <Filter Include="ソース ファイル\buffered_data">
      <UniqueIdentifier>{d63670e8-482e-4889-851a-c810232a8a6b}</UniqueIdentifier>
    </Filter>
    <Filter Include="ソース ファイル\buffered_data\mat">
      <UniqueIdentifier>{4b4b839d-9110-4bfa-8fe1-f40e1ff19b55}</UniqueIdentifier>
    </Filter>
    <Filter Include="ヘッダー ファイル\buffered_data\game_object\board">
      <UniqueIdentifier>{87a704ed-e82c-4da5-8b2a-c2805a1f4977}</UniqueIdentifier>
    </Filter>
    <Filter Include="ヘッダー ファイル\buffered_data\game_object\piece">
      <UniqueIdentifier>{2bd42877-1574-4e0f-a8f7-2818e3cb5618}</UniqueIdentifier>
    </Filter>
    <Filter Include="ヘッダー ファイル\buffered_data\camera">
      <UniqueIdentifier>{fc19dabf-7165-4134-b5f0-631b66fb8856}</UniqueIdentifier>
    </Filter>
    <Filter Include="ヘッダー ファイル\enum">
      <UniqueIdentifier>{187ebf6a-f365-4ddb-bbb8-30f499176d26}</UniqueIdentifier>
    </Filter>
    <Filter Include="ヘッダー ファイル\ui">
      <UniqueIdentifier>{c487b223-c8ff-48c4-b8a0-0a2b62388934}</UniqueIdentifier>
    </Filter>
    <Filter Include="ヘッダー ファイル\ui\button">
      <UniqueIdentifier>{8ed41f94-a414-438f-b6fb-06e998e71498}</UniqueIdentifier>
    </Filter>
    <Filter Include="ソース ファイル\ui">
      <UniqueIdentifier>{66d45de3-0383-4c31-89e9-53972416c6f9}</UniqueIdentifier>
    </Filter>
    <Filter Include="ソース ファイル\ui\button">
      <UniqueIdentifier>{539651f3-04a2-4a1c-9b39-563c1e0c1b6b}</UniqueIdentifier>
    </Filter>
    <Filter Include="ソース ファイル\buffered_data\game_obj">
      <UniqueIdentifier>{8a322f67-4514-4b45-82be-17f81ba4278c}</UniqueIdentifier>
    </Filter>
    <Filter Include="ソース ファイル\buffered_data\game_obj\piece">
      <UniqueIdentifier>{1c0cbb52-b3ee-436c-825f-5a70272475d5}</UniqueIdentifier>
    </Filter>
    <Filter Include="ソース ファイル\buffered_data\game_obj\board">
      <UniqueIdentifier>{5c845247-4f3a-4a8a-ba96-6de3d19fe665}</UniqueIdentifier>
    </Filter>
    <Filter Include="ヘッダー ファイル\buffered_data\_interface">
      <UniqueIdentifier>{df9d3383-36bb-427a-bba8-3dc0cd4c5758}</UniqueIdentifier>
    </Filter>
    <Filter Include="ヘッダー ファイル\buffered_data\_base">
      <UniqueIdentifier>{b727fb10-2e28-4201-b348-0f7679a2addd}</UniqueIdentifier>
    </Filter>
    <Filter Include="ヘッダー ファイル\buffered_data\mat">
      <UniqueIdentifier>{d881529b-ebb5-420a-9539-dc96e1036147}</UniqueIdentifier>
    </Filter>
    <Filter Include="ヘッダー ファイル\buffered_data\mat\proj_mat">
      <UniqueIdentifier>{2c192463-bddc-4f6c-8a23-c50ee6c71d2d}</UniqueIdentifier>
    </Filter>
    <Filter Include="ヘッダー ファイル\buffered_data\mat\proj_mat\_base">
      <UniqueIdentifier>{56a39714-becc-4ac1-9740-1a95cd2a048b}</UniqueIdentifier>
    </Filter>
    <Filter Include="ヘッダー ファイル\buffered_data\mat\view_mat">
      <UniqueIdentifier>{ba1bef95-f5b9-4850-9b00-aafc8bac17a9}</UniqueIdentifier>
    </Filter>
    <Filter Include="ヘッダー ファイル\buffered_data\mat\world_mat">
      <UniqueIdentifier>{05ad00d5-9d8c-4ecf-9f1f-23d3f7b49617}</UniqueIdentifier>
    </Filter>
    <Filter Include="ソース ファイル\buffered_data\mat\world_mat">
      <UniqueIdentifier>{cb78c514-65a0-4c75-ae18-a15f6a3dce73}</UniqueIdentifier>
    </Filter>
    <Filter Include="ソース ファイル\buffered_data\mat\view_mat">
      <UniqueIdentifier>{ecc46d7e-26f1-4801-a9bb-3cee2d7e8c05}</UniqueIdentifier>
    </Filter>
    <Filter Include="ソース ファイル\buffered_data\mat\proj_mat">
      <UniqueIdentifier>{5e0daef6-804b-4fa8-a58c-b6afd8f4cb2d}</UniqueIdentifier>
    </Filter>
    <Filter Include="ヘッダー ファイル\buffered_data\mat\_interface">
      <UniqueIdentifier>{94b686c5-65b1-45be-aab4-39361622abec}</UniqueIdentifier>
    </Filter>
    <Filter Include="ヘッダー ファイル\struct">
      <UniqueIdentifier>{37f6971d-de17-4f98-9c51-124cd5c2cd21}</UniqueIdentifier>
    </Filter>
    <Filter Include="ヘッダー ファイル\buffered_data\game_object\_interface">
      <UniqueIdentifier>{33bdfe45-47d9-4f18-a160-89edc3e30347}</UniqueIdentifier>
    </Filter>
    <Filter Include="ソース ファイル\texutre">
      <UniqueIdentifier>{3cdc27ce-8990-4015-94e0-2c5d42ddb6af}</UniqueIdentifier>
    </Filter>
    <Filter Include="ソース ファイル\texutre\factory">
      <UniqueIdentifier>{8829a128-7481-47c4-b6e9-56ea79857d50}</UniqueIdentifier>
    </Filter>
    <Filter Include="ヘッダー ファイル\buffered_data\game_object\yellow_wood">
      <UniqueIdentifier>{3f258fa0-2f1f-4f59-8389-0ec3b8c5d03d}</UniqueIdentifier>
    </Filter>
    <Filter Include="ソース ファイル\buffered_data\game_obj\texture">
      <UniqueIdentifier>{4d1ed946-1c4e-4a10-b348-8f13f5b82e56}</UniqueIdentifier>
    </Filter>
    <Filter Include="ヘッダー ファイル\ui\text">
      <UniqueIdentifier>{a76e44b4-1b1c-4081-bc44-e547cc6579c0}</UniqueIdentifier>
    </Filter>
    <Filter Include="ヘッダー ファイル\dx12">
      <UniqueIdentifier>{0e035323-ee1f-4428-9320-4d22a40c736c}</UniqueIdentifier>
    </Filter>
    <Filter Include="ヘッダー ファイル\dx12\pipeline">
      <UniqueIdentifier>{87c311ef-253e-48e6-8df2-56fa598e94c3}</UniqueIdentifier>
    </Filter>
    <Filter Include="ヘッダー ファイル\dx12\root_signature">
      <UniqueIdentifier>{736dbbad-e514-4c13-b3b9-dd96f1798c00}</UniqueIdentifier>
    </Filter>
    <Filter Include="ヘッダー ファイル\dx12\factory">
      <UniqueIdentifier>{6d263b71-0dea-41db-9e59-bcba584d3926}</UniqueIdentifier>
    </Filter>
    <Filter Include="ヘッダー ファイル\dx12\heap">
      <UniqueIdentifier>{42cd72b0-58d5-411c-a27f-e5c26df9a1e3}</UniqueIdentifier>
    </Filter>
    <Filter Include="ヘッダー ファイル\dx12\heap\factory">
      <UniqueIdentifier>{6cff4950-f359-4604-a900-f6deb15893f8}</UniqueIdentifier>
    </Filter>
    <Filter Include="ヘッダー ファイル\dx12\heap\factory\desc_offset">
      <UniqueIdentifier>{78fdbd35-dcee-4f92-a38b-ffb53c614d31}</UniqueIdentifier>
    </Filter>
    <Filter Include="ヘッダー ファイル\dx12\heap\factory\heap_desc">
      <UniqueIdentifier>{0d1d2c56-c6d3-4b2a-ac1e-4d9ef8815537}</UniqueIdentifier>
    </Filter>
    <Filter Include="ヘッダー ファイル\dx12\buff">
      <UniqueIdentifier>{7b03786c-e539-4465-b118-092231c641d7}</UniqueIdentifier>
    </Filter>
    <Filter Include="ヘッダー ファイル\dx12\buff\vertices">
      <UniqueIdentifier>{89e3d9a5-10c8-48bc-b007-85749376a950}</UniqueIdentifier>
    </Filter>
    <Filter Include="ヘッダー ファイル\dx12\buff\constant">
      <UniqueIdentifier>{ad632c63-847a-4401-aa3e-b2deb0b6dee3}</UniqueIdentifier>
    </Filter>
    <Filter Include="ヘッダー ファイル\dx12\buff\vert_indices">
      <UniqueIdentifier>{675c0106-7da6-474f-a7ed-dc467eaf4adb}</UniqueIdentifier>
    </Filter>
    <Filter Include="ヘッダー ファイル\dx12\buff\texture">
      <UniqueIdentifier>{14953aae-5fa3-4ce9-9700-85a84c53194c}</UniqueIdentifier>
    </Filter>
    <Filter Include="ヘッダー ファイル\dx12\buff\depth_stencil">
      <UniqueIdentifier>{def5f952-0dc6-47bc-b215-5904b2875e34}</UniqueIdentifier>
    </Filter>
    <Filter Include="ヘッダー ファイル\dx12\buff\_interface">
      <UniqueIdentifier>{8c8c2d96-9f6c-40aa-9433-8c5f2913d5ae}</UniqueIdentifier>
    </Filter>
    <Filter Include="ヘッダー ファイル\dx12\buff\_other">
      <UniqueIdentifier>{bf31cb85-51ea-4d3f-8dd9-8e1a1c6b1ea8}</UniqueIdentifier>
    </Filter>
    <Filter Include="ヘッダー ファイル\dx12\buff\_other\resource_desc">
      <UniqueIdentifier>{fa569c7a-9aeb-4eb6-9224-780c05ea1ea0}</UniqueIdentifier>
    </Filter>
    <Filter Include="ヘッダー ファイル\dx12\buff\_other\heap_prop">
      <UniqueIdentifier>{646c20fd-2ea2-4354-a49f-99efedff7216}</UniqueIdentifier>
    </Filter>
    <Filter Include="ヘッダー ファイル\dx12\buff\_other\resource_state">
      <UniqueIdentifier>{48aa6ffb-4979-4501-a111-2acca5c5e380}</UniqueIdentifier>
    </Filter>
    <Filter Include="ヘッダー ファイル\dx12\view">
      <UniqueIdentifier>{e35dc506-08e6-4a20-8ec6-860b261cf51b}</UniqueIdentifier>
    </Filter>
    <Filter Include="ヘッダー ファイル\dx12\view\factory">
      <UniqueIdentifier>{918caae6-4a55-418d-862b-5b920331f49c}</UniqueIdentifier>
    </Filter>
    <Filter Include="ヘッダー ファイル\dx12\input_layout">
      <UniqueIdentifier>{bb23dc31-f1cb-42e6-a856-bc39bea3a353}</UniqueIdentifier>
    </Filter>
    <Filter Include="ヘッダー ファイル\dx12\resource_barrier">
      <UniqueIdentifier>{0f28c504-cd5d-4094-beca-d606b5a4d613}</UniqueIdentifier>
    </Filter>
    <Filter Include="ヘッダー ファイル\dx12\dx11">
      <UniqueIdentifier>{2090c6dc-f043-427a-8f9a-553a1063381d}</UniqueIdentifier>
    </Filter>
    <Filter Include="ヘッダー ファイル\dx12\dx11\d2d">
      <UniqueIdentifier>{11da42aa-d1ed-4c47-9e20-05b419e20293}</UniqueIdentifier>
    </Filter>
    <Filter Include="ヘッダー ファイル\dx12\dx11\factory">
      <UniqueIdentifier>{1384760b-baea-4aa1-9975-d6dddd2ff29d}</UniqueIdentifier>
    </Filter>
    <Filter Include="ソース ファイル\dx12\dx11">
      <UniqueIdentifier>{721d2103-bea6-4ca3-a72a-015d15e01575}</UniqueIdentifier>
    </Filter>
    <Filter Include="ソース ファイル\dx12\dx11\d2d">
      <UniqueIdentifier>{fef2eff7-a21b-4429-8a73-872629473ebe}</UniqueIdentifier>
    </Filter>
    <Filter Include="ソース ファイル\dx12\dx11\factory">
      <UniqueIdentifier>{709a9bf8-c9b0-4675-952a-1017ed069b32}</UniqueIdentifier>
    </Filter>
    <Filter Include="ソース ファイル\dx12\dx11\context">
      <UniqueIdentifier>{88cb8675-fd2f-445a-b2e1-67939eb7790d}</UniqueIdentifier>
    </Filter>
  </ItemGroup>
  <ItemGroup>
    <ClCompile Include="src\Application.cpp">
      <Filter>ソース ファイル</Filter>
    </ClCompile>
    <ClCompile Include="src\DX12.cpp">
      <Filter>ソース ファイル\dx12</Filter>
    </ClCompile>
    <ClCompile Include="src\main.cpp">
      <Filter>ソース ファイル</Filter>
    </ClCompile>
    <ClCompile Include="src\Device.cpp">
      <Filter>ソース ファイル\dx12\factory</Filter>
    </ClCompile>
    <ClCompile Include="src\DXGIFactory.cpp">
      <Filter>ソース ファイル\dx12\factory</Filter>
    </ClCompile>
    <ClCompile Include="src\Adapter.cpp">
      <Filter>ソース ファイル\dx12\factory</Filter>
    </ClCompile>
    <ClCompile Include="src\CSUHeap.cpp">
      <Filter>ソース ファイル\dx12\heap</Filter>
    </ClCompile>
    <ClCompile Include="src\Heap.cpp">
      <Filter>ソース ファイル\dx12\heap</Filter>
    </ClCompile>
    <ClCompile Include="src\CSUOffset.cpp">
      <Filter>ソース ファイル\dx12\heap\desc_offset</Filter>
    </ClCompile>
    <ClCompile Include="src\DSVOffset.cpp">
      <Filter>ソース ファイル\dx12\heap\desc_offset</Filter>
    </ClCompile>
    <ClCompile Include="src\RTVOffset.cpp">
      <Filter>ソース ファイル\dx12\heap\desc_offset</Filter>
    </ClCompile>
    <ClCompile Include="src\CSUHeapDesc.cpp">
      <Filter>ソース ファイル\dx12\heap\heap_desc</Filter>
    </ClCompile>
    <ClCompile Include="src\DSVHeapDesc.cpp">
      <Filter>ソース ファイル\dx12\heap\heap_desc</Filter>
    </ClCompile>
    <ClCompile Include="src\RTVHeapDesc.cpp">
      <Filter>ソース ファイル\dx12\heap\heap_desc</Filter>
    </ClCompile>
    <ClCompile Include="src\I_HeapFactory.cpp">
      <Filter>ソース ファイル\dx12\heap\factory</Filter>
    </ClCompile>
    <ClCompile Include="src\CBVFactory.cpp">
      <Filter>ソース ファイル\dx12\view</Filter>
    </ClCompile>
    <ClCompile Include="src\SRVFactory.cpp">
      <Filter>ソース ファイル\dx12\view</Filter>
    </ClCompile>
    <ClCompile Include="src\RTVFactory.cpp">
      <Filter>ソース ファイル\dx12\view</Filter>
    </ClCompile>
    <ClCompile Include="src\DSVFactory.cpp">
      <Filter>ソース ファイル\dx12\view</Filter>
    </ClCompile>
    <ClCompile Include="src\ConstBuffFactory.cpp">
      <Filter>ソース ファイル\dx12\buff\factory</Filter>
    </ClCompile>
    <ClCompile Include="src\IdxBuffFactory.cpp">
      <Filter>ソース ファイル\dx12\buff\factory</Filter>
    </ClCompile>
    <ClCompile Include="src\VertBuffFactory.cpp">
      <Filter>ソース ファイル\dx12\buff\factory</Filter>
    </ClCompile>
    <ClCompile Include="src\ReadResourceStates.cpp">
      <Filter>ソース ファイル\dx12\buff\factory\resource_states</Filter>
    </ClCompile>
    <ClCompile Include="header\DefaultHeapProp.cpp">
      <Filter>ソース ファイル\dx12\buff\factory\heap_prop</Filter>
    </ClCompile>
    <ClCompile Include="src\UploadHeapProp.cpp">
      <Filter>ソース ファイル\dx12\buff\factory\heap_prop</Filter>
    </ClCompile>
    <ClCompile Include="src\BuffResourceDesc.cpp">
      <Filter>ソース ファイル\dx12\buff\factory\resource_desc</Filter>
    </ClCompile>
    <ClCompile Include="src\DSResourceDesc.cpp">
      <Filter>ソース ファイル\dx12\buff\factory\resource_desc</Filter>
    </ClCompile>
    <ClCompile Include="src\DSBuffFactory.cpp">
      <Filter>ソース ファイル\dx12\buff\factory</Filter>
    </ClCompile>
    <ClCompile Include="src\DepthWriteResourceStates.cpp">
      <Filter>ソース ファイル\dx12\buff\factory\resource_states</Filter>
    </ClCompile>
    <ClCompile Include="src\TexHeapProp.cpp">
      <Filter>ソース ファイル\dx12\buff\factory\heap_prop</Filter>
    </ClCompile>
    <ClCompile Include="src\TexResourceDesc.cpp">
      <Filter>ソース ファイル\dx12\buff\factory\resource_desc</Filter>
    </ClCompile>
    <ClCompile Include="src\PShaderResourceStates.cpp">
      <Filter>ソース ファイル\dx12\buff\factory\resource_states</Filter>
    </ClCompile>
    <ClCompile Include="src\TexBuffFactory.cpp">
      <Filter>ソース ファイル\dx12\buff\factory</Filter>
    </ClCompile>
    <ClCompile Include="src\ResourceBarrier.cpp">
      <Filter>ソース ファイル\dx12\resource_barrier</Filter>
    </ClCompile>
    <ClCompile Include="src\Direct2DDeviceContext.cpp">
      <Filter>ソース ファイル\dx12\dx11\d2d</Filter>
    </ClCompile>
    <ClCompile Include="src\Device11.cpp">
      <Filter>ソース ファイル\dx12\dx11\factory</Filter>
    </ClCompile>
    <ClCompile Include="src\RenderTexBuffFactory.cpp">
      <Filter>ソース ファイル\dx12\buff\factory</Filter>
    </ClCompile>
    <ClCompile Include="src\VecCalc.cpp">
      <Filter>ソース ファイル\buffered_data\mat</Filter>
    </ClCompile>
    <ClCompile Include="src\I_Texture.cpp">
      <Filter>ソース ファイル\texutre</Filter>
    </ClCompile>
    <ClCompile Include="src\KeyMap.cpp">
      <Filter>ソース ファイル</Filter>
    </ClCompile>
    <ClCompile Include="src\InputHandler.cpp">
      <Filter>ソース ファイル</Filter>
    </ClCompile>
    <ClCompile Include="src\GameWindow.cpp">
      <Filter>ソース ファイル</Filter>
    </ClCompile>
    <ClCompile Include="src\Camera.cpp">
      <Filter>ソース ファイル\buffered_data</Filter>
    </ClCompile>
    <ClCompile Include="src\WorldMat.cpp">
      <Filter>ソース ファイル\buffered_data\mat\world_mat</Filter>
    </ClCompile>
    <ClCompile Include="src\ViewMat.cpp">
      <Filter>ソース ファイル\buffered_data\mat\view_mat</Filter>
    </ClCompile>
    <ClCompile Include="src\NonePersProjMat.cpp">
      <Filter>ソース ファイル\buffered_data\mat\proj_mat</Filter>
    </ClCompile>
    <ClCompile Include="src\PersProjMat.cpp">
      <Filter>ソース ファイル\buffered_data\mat\proj_mat</Filter>
    </ClCompile>
    <ClCompile Include="src\I_Vertices.cpp">
      <Filter>ソース ファイル\buffered_data\game_obj</Filter>
    </ClCompile>
    <ClCompile Include="src\Bishop.cpp">
      <Filter>ソース ファイル\buffered_data\game_obj\piece</Filter>
    </ClCompile>
    <ClCompile Include="src\Gold.cpp">
      <Filter>ソース ファイル\buffered_data\game_obj\piece</Filter>
    </ClCompile>
    <ClCompile Include="src\King.cpp">
      <Filter>ソース ファイル\buffered_data\game_obj\piece</Filter>
    </ClCompile>
    <ClCompile Include="src\Knight.cpp">
      <Filter>ソース ファイル\buffered_data\game_obj\piece</Filter>
    </ClCompile>
    <ClCompile Include="src\Lance.cpp">
      <Filter>ソース ファイル\buffered_data\game_obj\piece</Filter>
    </ClCompile>
    <ClCompile Include="src\Pawn.cpp">
      <Filter>ソース ファイル\buffered_data\game_obj\piece</Filter>
    </ClCompile>
    <ClCompile Include="src\Rook.cpp">
      <Filter>ソース ファイル\buffered_data\game_obj\piece</Filter>
    </ClCompile>
    <ClCompile Include="src\Silver.cpp">
      <Filter>ソース ファイル\buffered_data\game_obj\piece</Filter>
    </ClCompile>
    <ClCompile Include="src\WoodTexture.cpp">
      <Filter>ソース ファイル\buffered_data</Filter>
    </ClCompile>
    <ClCompile Include="src\I_Piece.cpp">
      <Filter>ソース ファイル\buffered_data\game_obj\piece</Filter>
    </ClCompile>
    <ClCompile Include="src\I_Board.cpp">
      <Filter>ソース ファイル\buffered_data\game_obj\board</Filter>
    </ClCompile>
    <ClCompile Include="src\Board9x9.cpp">
      <Filter>ソース ファイル\buffered_data\game_obj\board</Filter>
    </ClCompile>
    <ClCompile Include="src\Board5x5Texture.cpp">
      <Filter>ソース ファイル\buffered_data\game_obj\texture</Filter>
    </ClCompile>
    <ClCompile Include="src\BoardTexture.cpp">
      <Filter>ソース ファイル\buffered_data\game_obj\texture</Filter>
    </ClCompile>
    <ClCompile Include="src\Board9x9Texture.cpp">
      <Filter>ソース ファイル\buffered_data\game_obj\texture</Filter>
    </ClCompile>
    <ClCompile Include="src\PieceVertIndices.cpp">
      <Filter>ソース ファイル\buffered_data\game_obj\piece</Filter>
    </ClCompile>
    <ClCompile Include="src\UI.cpp">
      <Filter>ソース ファイル\ui</Filter>
    </ClCompile>
    <ClCompile Include="src\MovingPieceScene.cpp">
      <Filter>ソース ファイル\scene_state</Filter>
    </ClCompile>
    <ClCompile Include="src\SelectingPieceScene.cpp">
      <Filter>ソース ファイル\scene_state</Filter>
    </ClCompile>
    <ClCompile Include="src\TitleScene.cpp">
      <Filter>ソース ファイル\scene_state</Filter>
    </ClCompile>
    <ClCompile Include="src\ContinueStartButton.cpp">
      <Filter>ソース ファイル\ui\button</Filter>
    </ClCompile>
    <ClCompile Include="src\ExitGameButton.cpp">
      <Filter>ソース ファイル\ui\button</Filter>
    </ClCompile>
    <ClCompile Include="src\NewStartButton.cpp">
      <Filter>ソース ファイル\ui\button</Filter>
    </ClCompile>
    <ClCompile Include="src\OptionButton.cpp">
      <Filter>ソース ファイル\ui\button</Filter>
    </ClCompile>
    <ClCompile Include="src\I_Button.cpp">
      <Filter>ソース ファイル\ui\button</Filter>
    </ClCompile>
    <ClCompile Include="src\I_SelectingButtonScene.cpp">
      <Filter>ソース ファイル\scene_state</Filter>
    </ClCompile>
    <ClCompile Include="src\DirectWriteFactory.cpp">
      <Filter>ソース ファイル\dx12\dx11</Filter>
    </ClCompile>
    <ClCompile Include="src\Direct2DDevice.cpp">
      <Filter>ソース ファイル\dx12\dx11</Filter>
    </ClCompile>
    <ClCompile Include="src\Direct2DFactory.cpp">
      <Filter>ソース ファイル\dx12\dx11</Filter>
    </ClCompile>
    <ClCompile Include="src\TextUI.cpp">
      <Filter>ソース ファイル\ui</Filter>
    </ClCompile>
    <ClCompile Include="src\PiecePosManager.cpp">
      <Filter>ソース ファイル</Filter>
    </ClCompile>
    <ClCompile Include="src\I_ProjMat.cpp">
      <Filter>ソース ファイル\buffered_data\mat\proj_mat</Filter>
    </ClCompile>
    <ClCompile Include="src\I_PieceButton.cpp">
      <Filter>ソース ファイル\ui\button</Filter>
    </ClCompile>
    <ClCompile Include="src\I_GameObj.cpp">
      <Filter>ソース ファイル\buffered_data</Filter>
    </ClCompile>
    <ClCompile Include="src\SelectPieceButton.cpp">
      <Filter>ソース ファイル\ui\button</Filter>
    </ClCompile>
    <ClCompile Include="cpp\I_TextButton.cpp">
      <Filter>ソース ファイル\ui\button</Filter>
    </ClCompile>
    <ClCompile Include="src\CubeVertIndices.cpp">
      <Filter>ソース ファイル</Filter>
    </ClCompile>
    <ClCompile Include="src\SideBoard.cpp">
      <Filter>ソース ファイル</Filter>
    </ClCompile>
    <ClCompile Include="src\GameObjects.cpp">
      <Filter>ソース ファイル</Filter>
    </ClCompile>
    <ClCompile Include="src\Textures.cpp">
      <Filter>ソース ファイル</Filter>
    </ClCompile>
    <ClCompile Include="src\CubeVertices.cpp">
      <Filter>ソース ファイル</Filter>
    </ClCompile>
    <ClCompile Include="cpp\RuleManager.cpp">
      <Filter>ソース ファイル</Filter>
    </ClCompile>
    <ClCompile Include="cpp\PieceMovementBit.cpp">
      <Filter>ソース ファイル</Filter>
    </ClCompile>
    <ClCompile Include="cpp\PromotionScene.cpp">
      <Filter>ソース ファイル\scene_state</Filter>
    </ClCompile>
  </ItemGroup>
  <ItemGroup>
    <ClInclude Include="header\DX12.h">
      <Filter>ヘッダー ファイル\dx12</Filter>
    </ClInclude>
    <ClInclude Include="header\IHeapDesc.h">
      <Filter>ヘッダー ファイル\dx12\heap\factory\heap_desc</Filter>
    </ClInclude>
    <ClInclude Include="header\DSVHeapDesc.h">
      <Filter>ヘッダー ファイル\dx12\heap\factory\heap_desc</Filter>
    </ClInclude>
    <ClInclude Include="header\RTVHeapDesc.h">
      <Filter>ヘッダー ファイル\dx12\heap\factory\heap_desc</Filter>
    </ClInclude>
    <ClInclude Include="header\CSUHeapDesc.h">
      <Filter>ヘッダー ファイル\dx12\heap\factory\heap_desc</Filter>
    </ClInclude>
    <ClInclude Include="header\CSUOffset.h">
      <Filter>ヘッダー ファイル\dx12\heap\factory\desc_offset</Filter>
    </ClInclude>
    <ClInclude Include="header\DSVOffset.h">
      <Filter>ヘッダー ファイル\dx12\heap\factory\desc_offset</Filter>
    </ClInclude>
    <ClInclude Include="header\IDescOffset.h">
      <Filter>ヘッダー ファイル\dx12\heap\factory\desc_offset</Filter>
    </ClInclude>
    <ClInclude Include="header\RTVOffset.h">
      <Filter>ヘッダー ファイル\dx12\heap\factory\desc_offset</Filter>
    </ClInclude>
    <ClInclude Include="header\Heap.h">
      <Filter>ヘッダー ファイル\dx12\heap</Filter>
    </ClInclude>
    <ClInclude Include="header\CSUHeap.h">
      <Filter>ヘッダー ファイル\dx12\heap</Filter>
    </ClInclude>
    <ClInclude Include="header\RTVHeapFactory.h">
      <Filter>ヘッダー ファイル\dx12\heap\factory</Filter>
    </ClInclude>
    <ClInclude Include="header\I_HeapFactory.h">
      <Filter>ヘッダー ファイル\dx12\heap\factory</Filter>
    </ClInclude>
    <ClInclude Include="header\DSVHeapFactory.h">
      <Filter>ヘッダー ファイル\dx12\heap\factory</Filter>
    </ClInclude>
    <ClInclude Include="header\CSUHeapFactory.h">
      <Filter>ヘッダー ファイル\dx12\heap\factory</Filter>
    </ClInclude>
    <ClInclude Include="header\View.h">
      <Filter>ヘッダー ファイル\dx12\view</Filter>
    </ClInclude>
    <ClInclude Include="header\IViewFactory.h">
      <Filter>ヘッダー ファイル\dx12\view\factory</Filter>
    </ClInclude>
    <ClInclude Include="header\RTVFactory.h">
      <Filter>ヘッダー ファイル\dx12\view\factory</Filter>
    </ClInclude>
    <ClInclude Include="header\DSVFactory.h">
      <Filter>ヘッダー ファイル\dx12\view\factory</Filter>
    </ClInclude>
    <ClInclude Include="header\CBVFactory.h">
      <Filter>ヘッダー ファイル\dx12\view\factory</Filter>
    </ClInclude>
    <ClInclude Include="header\SRVFactory.h">
      <Filter>ヘッダー ファイル\dx12\view\factory</Filter>
    </ClInclude>
    <ClInclude Include="header\IHeapProp.h">
      <Filter>ヘッダー ファイル\dx12\buff\_other\heap_prop</Filter>
    </ClInclude>
    <ClInclude Include="header\IResourceDesc.h">
      <Filter>ヘッダー ファイル\dx12\buff\_other\resource_desc</Filter>
    </ClInclude>
    <ClInclude Include="header\IResourceStates.h">
      <Filter>ヘッダー ファイル\dx12\buff\_other\resource_state</Filter>
    </ClInclude>
    <ClInclude Include="header\UploadHeapProp.h">
      <Filter>ヘッダー ファイル\dx12\buff\_other\heap_prop</Filter>
    </ClInclude>
    <ClInclude Include="header\BuffResourceDesc.h">
      <Filter>ヘッダー ファイル\dx12\buff\_other\resource_desc</Filter>
    </ClInclude>
    <ClInclude Include="header\ReadResourceStates.h">
      <Filter>ヘッダー ファイル\dx12\buff\_other\resource_state</Filter>
    </ClInclude>
    <ClInclude Include="header\DefaultHeapProp.h">
      <Filter>ヘッダー ファイル\dx12\buff\_other\heap_prop</Filter>
    </ClInclude>
    <ClInclude Include="header\DSResourceDesc.h">
      <Filter>ヘッダー ファイル\dx12\buff\_other\resource_desc</Filter>
    </ClInclude>
    <ClInclude Include="header\DepthWriteResourceStates.h">
      <Filter>ヘッダー ファイル\dx12\buff\_other\resource_state</Filter>
    </ClInclude>
    <ClInclude Include="header\TexHeapProp.h">
      <Filter>ヘッダー ファイル\dx12\buff\_other\heap_prop</Filter>
    </ClInclude>
    <ClInclude Include="header\TexResourceDesc.h">
      <Filter>ヘッダー ファイル\dx12\buff\_other\resource_desc</Filter>
    </ClInclude>
    <ClInclude Include="header\PShaderResourceStates.h">
      <Filter>ヘッダー ファイル\dx12\buff\_other\resource_state</Filter>
    </ClInclude>
    <ClInclude Include="header\Device.h">
      <Filter>ヘッダー ファイル\dx12\factory</Filter>
    </ClInclude>
    <ClInclude Include="header\DXGIFactory.h">
      <Filter>ヘッダー ファイル\dx12\factory</Filter>
    </ClInclude>
    <ClInclude Include="header\Adapter.h">
      <Filter>ヘッダー ファイル\dx12\factory</Filter>
    </ClInclude>
    <ClInclude Include="header\Direct2DDeviceContext.h">
      <Filter>ヘッダー ファイル\dx12\dx11\d2d</Filter>
    </ClInclude>
    <ClInclude Include="header\Device11.h">
      <Filter>ヘッダー ファイル\dx12\dx11\factory</Filter>
    </ClInclude>
    <ClInclude Include="header\ResourceBarrier.h">
      <Filter>ヘッダー ファイル\dx12\resource_barrier</Filter>
    </ClInclude>
    <ClInclude Include="header\GameWindow.h">
      <Filter>ヘッダー ファイル</Filter>
    </ClInclude>
    <ClInclude Include="header\KeyMap.h">
      <Filter>ヘッダー ファイル</Filter>
    </ClInclude>
    <ClInclude Include="header\InputHandler.h">
      <Filter>ヘッダー ファイル</Filter>
    </ClInclude>
    <ClInclude Include="header\I_Vertices.h">
      <Filter>ヘッダー ファイル\buffered_data\game_object</Filter>
    </ClInclude>
    <ClInclude Include="header\WorldMat.h">
      <Filter>ヘッダー ファイル\buffered_data\mat\world_mat</Filter>
    </ClInclude>
    <ClInclude Include="header\ViewMat.h">
      <Filter>ヘッダー ファイル\buffered_data\mat\view_mat</Filter>
    </ClInclude>
    <ClInclude Include="header\NonePersProjMat.h">
      <Filter>ヘッダー ファイル\buffered_data\mat\proj_mat</Filter>
    </ClInclude>
    <ClInclude Include="header\PersProjMat.h">
      <Filter>ヘッダー ファイル\buffered_data\mat\proj_mat</Filter>
    </ClInclude>
    <ClInclude Include="header\VecCalc.h">
      <Filter>ヘッダー ファイル\buffered_data</Filter>
    </ClInclude>
    <ClInclude Include="header\Camera.h">
      <Filter>ヘッダー ファイル\buffered_data\camera</Filter>
    </ClInclude>
    <ClInclude Include="header\GameObjType.h">
      <Filter>ヘッダー ファイル\enum</Filter>
    </ClInclude>
    <ClInclude Include="header\BasicTexType.h">
      <Filter>ヘッダー ファイル\enum</Filter>
    </ClInclude>
    <ClInclude Include="header\TextButtonType.h">
      <Filter>ヘッダー ファイル\enum</Filter>
    </ClInclude>
    <ClInclude Include="header\UIType.h">
      <Filter>ヘッダー ファイル\enum</Filter>
    </ClInclude>
    <ClInclude Include="header\DSBuffFactory.h">
      <Filter>ヘッダー ファイル\dx12\buff\depth_stencil</Filter>
    </ClInclude>
    <ClInclude Include="header\ConstBuffFactory.h">
      <Filter>ヘッダー ファイル\dx12\buff\constant</Filter>
    </ClInclude>
    <ClInclude Include="header\IdxBuffFactory.h">
      <Filter>ヘッダー ファイル\dx12\buff\vert_indices</Filter>
    </ClInclude>
    <ClInclude Include="header\VertBuffFactory.h">
      <Filter>ヘッダー ファイル\dx12\buff\vertices</Filter>
    </ClInclude>
    <ClInclude Include="header\TexBuffFactory.h">
      <Filter>ヘッダー ファイル\dx12\buff\texture</Filter>
    </ClInclude>
    <ClInclude Include="header\RenderTexBuffFactory.h">
      <Filter>ヘッダー ファイル\dx12\buff\texture</Filter>
    </ClInclude>
    <ClInclude Include="header\I_BuffFactory.h">
      <Filter>ヘッダー ファイル\dx12\buff\_interface</Filter>
    </ClInclude>
    <ClInclude Include="header\NaturalBufferedData.h">
      <Filter>ヘッダー ファイル\buffered_data\_base</Filter>
    </ClInclude>
    <ClInclude Include="header\I_BufferedData.h">
      <Filter>ヘッダー ファイル\buffered_data\_interface</Filter>
    </ClInclude>
    <ClInclude Include="header\I_Mat.h">
      <Filter>ヘッダー ファイル\buffered_data\mat\_interface</Filter>
    </ClInclude>
    <ClInclude Include="header\I_GameObj.h">
      <Filter>ヘッダー ファイル\buffered_data\game_object\_interface</Filter>
    </ClInclude>
    <ClInclude Include="header\BuffType.h">
      <Filter>ヘッダー ファイル\enum</Filter>
    </ClInclude>
    <ClInclude Include="header\Text2D.h">
      <Filter>ヘッダー ファイル\struct</Filter>
    </ClInclude>
    <ClInclude Include="header\Vert.h">
      <Filter>ヘッダー ファイル\struct</Filter>
    </ClInclude>
    <ClInclude Include="header\GameObjIdManager.h">
      <Filter>ヘッダー ファイル\buffered_data\game_object</Filter>
    </ClInclude>
    <ClInclude Include="header\Bishop.h">
      <Filter>ヘッダー ファイル\buffered_data\game_object\piece</Filter>
    </ClInclude>
    <ClInclude Include="header\Gold.h">
      <Filter>ヘッダー ファイル\buffered_data\game_object\piece</Filter>
    </ClInclude>
    <ClInclude Include="header\King.h">
      <Filter>ヘッダー ファイル\buffered_data\game_object\piece</Filter>
    </ClInclude>
    <ClInclude Include="header\Knight.h">
      <Filter>ヘッダー ファイル\buffered_data\game_object\piece</Filter>
    </ClInclude>
    <ClInclude Include="header\Lance.h">
      <Filter>ヘッダー ファイル\buffered_data\game_object\piece</Filter>
    </ClInclude>
    <ClInclude Include="header\Pawn.h">
      <Filter>ヘッダー ファイル\buffered_data\game_object\piece</Filter>
    </ClInclude>
    <ClInclude Include="header\Rook.h">
      <Filter>ヘッダー ファイル\buffered_data\game_object\piece</Filter>
    </ClInclude>
    <ClInclude Include="header\Silver.h">
      <Filter>ヘッダー ファイル\buffered_data\game_object\piece</Filter>
    </ClInclude>
    <ClInclude Include="header\I_Piece.h">
      <Filter>ヘッダー ファイル\buffered_data\game_object\piece</Filter>
    </ClInclude>
    <ClInclude Include="header\I_Board.h">
      <Filter>ヘッダー ファイル\buffered_data\game_object\board</Filter>
    </ClInclude>
    <ClInclude Include="header\Board9x9.h">
      <Filter>ヘッダー ファイル\buffered_data\game_object\board</Filter>
    </ClInclude>
    <ClInclude Include="header\PieceVertIndices.h">
      <Filter>ヘッダー ファイル\buffered_data\game_object\piece</Filter>
    </ClInclude>
    <ClInclude Include="header\Pixel.h">
      <Filter>ヘッダー ファイル\struct</Filter>
    </ClInclude>
    <ClInclude Include="header\WoodTexture.h">
      <Filter>ヘッダー ファイル\buffered_data\game_object</Filter>
    </ClInclude>
    <ClInclude Include="header\Board5x5Texture.h">
      <Filter>ヘッダー ファイル\buffered_data\game_object\board</Filter>
    </ClInclude>
    <ClInclude Include="header\Board9x9Texture.h">
      <Filter>ヘッダー ファイル\buffered_data\game_object\board</Filter>
    </ClInclude>
    <ClInclude Include="header\BoardTexture.h">
      <Filter>ヘッダー ファイル\buffered_data\game_object\board</Filter>
    </ClInclude>
    <ClInclude Include="header\I_Texture.h">
      <Filter>ヘッダー ファイル\buffered_data\game_object\_interface</Filter>
    </ClInclude>
    <ClInclude Include="header\I_ProjMat.h">
      <Filter>ヘッダー ファイル\buffered_data\mat\proj_mat</Filter>
    </ClInclude>
    <ClInclude Include="header\UI.h">
      <Filter>ヘッダー ファイル\ui</Filter>
    </ClInclude>
    <ClInclude Include="header\ContinueStartButton.h">
      <Filter>ヘッダー ファイル\ui\button</Filter>
    </ClInclude>
    <ClInclude Include="header\I_Button.h">
      <Filter>ヘッダー ファイル\ui\button</Filter>
    </ClInclude>
    <ClInclude Include="header\NewStartButton.h">
      <Filter>ヘッダー ファイル\ui\button</Filter>
    </ClInclude>
    <ClInclude Include="header\OptionButton.h">
      <Filter>ヘッダー ファイル\ui\button</Filter>
    </ClInclude>
    <ClInclude Include="header\ExitGameButton.h">
      <Filter>ヘッダー ファイル\ui\button</Filter>
    </ClInclude>
    <ClInclude Include="header\I_SceneState.h">
      <Filter>ヘッダー ファイル\scene_state</Filter>
    </ClInclude>
    <ClInclude Include="header\MovingPieceScene.h">
      <Filter>ヘッダー ファイル\scene_state</Filter>
    </ClInclude>
    <ClInclude Include="header\SelectingPieceScene.h">
      <Filter>ヘッダー ファイル\scene_state</Filter>
    </ClInclude>
    <ClInclude Include="header\TitleScene.h">
      <Filter>ヘッダー ファイル\scene_state</Filter>
    </ClInclude>
    <ClInclude Include="header\I_SelectingButtonScene.h">
      <Filter>ヘッダー ファイル\scene_state</Filter>
    </ClInclude>
    <ClInclude Include="header\TextUI.h">
      <Filter>ヘッダー ファイル\ui\text</Filter>
    </ClInclude>
    <ClInclude Include="header\Device11AndDeviceContext.h">
      <Filter>ヘッダー ファイル\dx12\dx11</Filter>
    </ClInclude>
    <ClInclude Include="header\Direct2DDevice.h">
      <Filter>ヘッダー ファイル\dx12\dx11</Filter>
    </ClInclude>
    <ClInclude Include="header\Direct2DFactory.h">
      <Filter>ヘッダー ファイル\dx12\dx11</Filter>
    </ClInclude>
    <ClInclude Include="header\DirectWriteFactory.h">
      <Filter>ヘッダー ファイル\dx12\dx11</Filter>
    </ClInclude>
    <ClInclude Include="header\HeapType.h">
      <Filter>ヘッダー ファイル\dx12\heap</Filter>
    </ClInclude>
    <ClInclude Include="header\PlayerSide.h">
      <Filter>ヘッダー ファイル</Filter>
    </ClInclude>
    <ClInclude Include="header\PiecePosManager.h">
      <Filter>ヘッダー ファイル</Filter>
    </ClInclude>
    <ClInclude Include="header\I_TextButton.h">
      <Filter>ヘッダー ファイル\ui\button</Filter>
    </ClInclude>
    <ClInclude Include="header\I_PieceButton.h">
      <Filter>ヘッダー ファイル\ui\button</Filter>
    </ClInclude>
    <ClInclude Include="header\SelectPieceButton.h">
      <Filter>ヘッダー ファイル\ui\button</Filter>
    </ClInclude>
    <ClInclude Include="header\Application.h">
      <Filter>ソース ファイル\buffered_data</Filter>
    </ClInclude>
    <ClInclude Include="header\PieceButtonType.h">
      <Filter>ヘッダー ファイル\ui</Filter>
    </ClInclude>
    <ClInclude Include="header\CubeVertIndices.h">
      <Filter>ヘッダー ファイル</Filter>
    </ClInclude>
    <ClInclude Include="header\SideBoard.h">
      <Filter>ヘッダー ファイル</Filter>
    </ClInclude>
    <ClInclude Include="header\GameObjects.h">
      <Filter>ヘッダー ファイル</Filter>
    </ClInclude>
    <ClInclude Include="header\Textures.h">
      <Filter>ヘッダー ファイル</Filter>
    </ClInclude>
    <ClInclude Include="header\CubeVertices.h">
      <Filter>ヘッダー ファイル</Filter>
    </ClInclude>
    <ClInclude Include="header\RuleManager.h">
      <Filter>ヘッダー ファイル</Filter>
    </ClInclude>
    <ClInclude Include="header\PieceMovementBit.h">
      <Filter>ヘッダー ファイル</Filter>
    </ClInclude>
    <ClInclude Include="header\PromotionScene.h">
      <Filter>ヘッダー ファイル\scene_state</Filter>
    </ClInclude>
    <ClInclude Include="header\SetMovingPieceScene.h">
      <Filter>ヘッダー ファイル</Filter>
    </ClInclude>
  </ItemGroup>
  <ItemGroup>
    <FxCompile Include="shader\PixelShader.hlsl">
      <Filter>ソース ファイル\dx12\shader\hlsl</Filter>
    </FxCompile>
    <FxCompile Include="shader\VertexShader.hlsl">
      <Filter>ソース ファイル\dx12\shader\hlsl</Filter>
    </FxCompile>
  </ItemGroup>
  <ItemGroup>
    <None Include="shader\Shader.hlsli">
      <Filter>ソース ファイル\dx12\shader\hlsl</Filter>
    </None>
  </ItemGroup>
</Project>