<?xml version="1.0" encoding="utf-8"?>
<Project ToolsVersion="4.0" xmlns="http://schemas.microsoft.com/developer/msbuild/2003">
  <ItemGroup>
    <Filter Include="ソース ファイル">
      <UniqueIdentifier>{4FC737F1-C7A5-4376-A066-2A32D752A2FF}</UniqueIdentifier>
      <Extensions>cpp;c;cc;cxx;c++;cppm;ixx;def;odl;idl;hpj;bat;asm;asmx</Extensions>
    </Filter>
    <Filter Include="ヘッダー ファイル">
      <UniqueIdentifier>{93995380-89BD-4b04-88EB-625FBE52EBFB}</UniqueIdentifier>
      <Extensions>h;hh;hpp;hxx;h++;hm;inl;inc;ipp;xsd</Extensions>
    </Filter>
    <Filter Include="リソース ファイル">
      <UniqueIdentifier>{67DA6AB6-F800-4c08-8B7A-83BB121AAD01}</UniqueIdentifier>
      <Extensions>rc;ico;cur;bmp;dlg;rc2;rct;bin;rgs;gif;jpg;jpeg;jpe;resx;tiff;tif;png;wav;mfcribbon-ms</Extensions>
    </Filter>
    <Filter Include="ヘッダー ファイル\struct">
      <UniqueIdentifier>{be4e91d5-d58e-421f-9cd4-595eac7aa787}</UniqueIdentifier>
    </Filter>
    <Filter Include="ヘッダー ファイル\DX12">
      <UniqueIdentifier>{0e035323-ee1f-4428-9320-4d22a40c736c}</UniqueIdentifier>
    </Filter>
    <Filter Include="ヘッダー ファイル\DX12\csu">
      <UniqueIdentifier>{8e35ec3d-b74e-4de4-8151-9baa1815ee54}</UniqueIdentifier>
    </Filter>
    <Filter Include="ヘッダー ファイル\game_window">
      <UniqueIdentifier>{127d3bb3-f6f7-4aa5-b5f4-b485b8c74824}</UniqueIdentifier>
    </Filter>
    <Filter Include="ソース ファイル\dx12">
      <UniqueIdentifier>{57166d13-f0c8-4ec6-b25f-be519ec0030e}</UniqueIdentifier>
    </Filter>
    <Filter Include="ソース ファイル\dx12\csu">
      <UniqueIdentifier>{e9b92a4c-31a8-488f-ae82-24e612e18f8f}</UniqueIdentifier>
    </Filter>
    <Filter Include="ソース ファイル\game_window">
      <UniqueIdentifier>{32ab675c-7748-4ec7-b4ff-8d5a0f2e212b}</UniqueIdentifier>
    </Filter>
    <Filter Include="ヘッダー ファイル\scene_state">
      <UniqueIdentifier>{78332d16-03d8-4c5d-ba6e-85e4652863a7}</UniqueIdentifier>
    </Filter>
    <Filter Include="ソース ファイル\scene_state">
      <UniqueIdentifier>{147c356d-309b-43f8-ae42-31545dbfb11d}</UniqueIdentifier>
    </Filter>
    <Filter Include="ヘッダー ファイル\input_handler">
      <UniqueIdentifier>{848ceee7-25ae-4f3f-b2ec-f6112d60fe86}</UniqueIdentifier>
    </Filter>
    <Filter Include="ソース ファイル\input_handler">
      <UniqueIdentifier>{79f60200-9c50-49ab-8d6c-22fc61ba1bf6}</UniqueIdentifier>
    </Filter>
    <Filter Include="ヘッダー ファイル\DX12\csu\const">
      <UniqueIdentifier>{1f71074d-b8ae-44d3-871f-5d2af0338ab6}</UniqueIdentifier>
    </Filter>
    <Filter Include="ソース ファイル\dx12\csu\const">
      <UniqueIdentifier>{1973c1c3-8565-48ec-8cc1-d6b5fc9d0e0e}</UniqueIdentifier>
    </Filter>
    <Filter Include="ヘッダー ファイル\DX12\csu\texture">
      <UniqueIdentifier>{2810b551-7fdf-4756-9e44-0e08deb89350}</UniqueIdentifier>
    </Filter>
    <Filter Include="ソース ファイル\dx12\csu\texture">
      <UniqueIdentifier>{b1b639c0-1558-47a8-a1db-05be639f2be1}</UniqueIdentifier>
    </Filter>
    <Filter Include="ソース ファイル\dx12\shader">
      <UniqueIdentifier>{b6044eb4-9f10-4e02-bdb3-192f1a5e23b9}</UniqueIdentifier>
    </Filter>
    <Filter Include="ソース ファイル\dx12\pipeline">
      <UniqueIdentifier>{4d9136b2-661d-435c-a21a-86a74f92e969}</UniqueIdentifier>
    </Filter>
    <Filter Include="ソース ファイル\dx12\root_signature">
      <UniqueIdentifier>{1f141b1e-7fb8-4007-b75f-984f0b34ed0a}</UniqueIdentifier>
    </Filter>
    <Filter Include="ヘッダー ファイル\DX12\pipeline">
      <UniqueIdentifier>{87c311ef-253e-48e6-8df2-56fa598e94c3}</UniqueIdentifier>
    </Filter>
    <Filter Include="ヘッダー ファイル\DX12\root_signature">
      <UniqueIdentifier>{736dbbad-e514-4c13-b3b9-dd96f1798c00}</UniqueIdentifier>
    </Filter>
    <Filter Include="ヘッダー ファイル\DX12\shader">
      <UniqueIdentifier>{b44911ac-f69a-40cd-b8e6-c76fe61b7248}</UniqueIdentifier>
    </Filter>
    <Filter Include="ヘッダー ファイル\mouse">
      <UniqueIdentifier>{4432fb4b-b6dc-4503-bd59-b99cd6648243}</UniqueIdentifier>
    </Filter>
    <Filter Include="ソース ファイル\dx12\factory">
      <UniqueIdentifier>{d56446de-5916-40ca-8a50-ebdc1a846640}</UniqueIdentifier>
    </Filter>
    <Filter Include="ヘッダー ファイル\DX12\factory">
      <UniqueIdentifier>{6d263b71-0dea-41db-9e59-bcba584d3926}</UniqueIdentifier>
    </Filter>
    <Filter Include="ソース ファイル\dx12\command">
      <UniqueIdentifier>{745cfd2c-bfd5-47d2-a84e-c0bc4d683999}</UniqueIdentifier>
    </Filter>
    <Filter Include="ソース ファイル\dx12\fence">
      <UniqueIdentifier>{24bfe637-8583-4328-a723-d913514023df}</UniqueIdentifier>
    </Filter>
    <Filter Include="ソース ファイル\dx12\view">
      <UniqueIdentifier>{52b7f94d-9eab-4046-a556-632984c76bfd}</UniqueIdentifier>
    </Filter>
    <Filter Include="ソース ファイル\dx12\heap">
      <UniqueIdentifier>{3f63c6a1-4007-4c14-8813-569405da6e0d}</UniqueIdentifier>
    </Filter>
    <Filter Include="ソース ファイル\dx12\heap\desc_offset">
      <UniqueIdentifier>{f3e3d483-3a8f-4aef-af0c-f55ff304f6b4}</UniqueIdentifier>
    </Filter>
    <Filter Include="ソース ファイル\dx12\heap\heap_desc">
      <UniqueIdentifier>{7bae8294-3fc9-431f-9d5f-7461388be4a1}</UniqueIdentifier>
    </Filter>
    <Filter Include="ヘッダー ファイル\DX12\heap">
      <UniqueIdentifier>{42cd72b0-58d5-411c-a27f-e5c26df9a1e3}</UniqueIdentifier>
    </Filter>
    <Filter Include="ソース ファイル\dx12\buff">
      <UniqueIdentifier>{12c79aa5-4374-4fb4-afc0-d7480c48df7e}</UniqueIdentifier>
    </Filter>
    <Filter Include="ヘッダー ファイル\DX12\buff">
      <UniqueIdentifier>{7b03786c-e539-4465-b118-092231c641d7}</UniqueIdentifier>
    </Filter>
    <Filter Include="ヘッダー ファイル\DX12\heap\factory">
      <UniqueIdentifier>{6cff4950-f359-4604-a900-f6deb15893f8}</UniqueIdentifier>
    </Filter>
    <Filter Include="ソース ファイル\dx12\heap\factory">
      <UniqueIdentifier>{8ac4bd23-3876-4b0e-8e1d-a276dcbabd94}</UniqueIdentifier>
    </Filter>
    <Filter Include="ヘッダー ファイル\DX12\view">
      <UniqueIdentifier>{e35dc506-08e6-4a20-8ec6-860b261cf51b}</UniqueIdentifier>
    </Filter>
    <Filter Include="ヘッダー ファイル\DX12\view\factory">
      <UniqueIdentifier>{918caae6-4a55-418d-862b-5b920331f49c}</UniqueIdentifier>
    </Filter>
    <Filter Include="ヘッダー ファイル\DX12\buff\factory">
      <UniqueIdentifier>{bf31cb85-51ea-4d3f-8dd9-8e1a1c6b1ea8}</UniqueIdentifier>
    </Filter>
    <Filter Include="ヘッダー ファイル\DX12\buff\factory\resource_desc">
      <UniqueIdentifier>{fa569c7a-9aeb-4eb6-9224-780c05ea1ea0}</UniqueIdentifier>
    </Filter>
    <Filter Include="ヘッダー ファイル\DX12\buff\factory\heap_prop">
      <UniqueIdentifier>{646c20fd-2ea2-4354-a49f-99efedff7216}</UniqueIdentifier>
    </Filter>
    <Filter Include="ソース ファイル\dx12\buff\factory">
      <UniqueIdentifier>{50efd447-8f5e-4158-a620-ffaeed66e307}</UniqueIdentifier>
    </Filter>
    <Filter Include="ヘッダー ファイル\DX12\buff\factory\resource_state">
      <UniqueIdentifier>{48aa6ffb-4979-4501-a111-2acca5c5e380}</UniqueIdentifier>
    </Filter>
    <Filter Include="ソース ファイル\dx12\buff\factory\resource_states">
      <UniqueIdentifier>{e88a18d9-57bf-4711-8f26-aaab4ef62077}</UniqueIdentifier>
    </Filter>
    <Filter Include="ソース ファイル\dx12\buff\factory\heap_prop">
      <UniqueIdentifier>{3634e8d6-8e03-4364-8149-ab663ba445fc}</UniqueIdentifier>
    </Filter>
    <Filter Include="ソース ファイル\dx12\buff\factory\resource_desc">
      <UniqueIdentifier>{ed5ad725-a11a-4346-b047-7a6a4e94ee20}</UniqueIdentifier>
    </Filter>
    <Filter Include="ソース ファイル\dx12\swap_chain">
      <UniqueIdentifier>{e8a8cd52-ee38-46ad-a4b3-049929804045}</UniqueIdentifier>
    </Filter>
    <Filter Include="ソース ファイル\dx12\d3d11">
      <UniqueIdentifier>{721d2103-bea6-4ca3-a72a-015d15e01575}</UniqueIdentifier>
    </Filter>
    <Filter Include="ソース ファイル\dx12\resource_barrier">
      <UniqueIdentifier>{dfcae937-daa7-4782-9e5a-a4b4966ef6ac}</UniqueIdentifier>
    </Filter>
    <Filter Include="ソース ファイル\dx12\d3d11\d2d">
      <UniqueIdentifier>{fef2eff7-a21b-4429-8a73-872629473ebe}</UniqueIdentifier>
    </Filter>
    <Filter Include="ソース ファイル\dx12\d3d11\wrapped_buff">
      <UniqueIdentifier>{45c8e7f4-ff05-44ce-bea4-32c48e1da24f}</UniqueIdentifier>
    </Filter>
    <Filter Include="ソース ファイル\dx12\d3d11\factory">
      <UniqueIdentifier>{709a9bf8-c9b0-4675-952a-1017ed069b32}</UniqueIdentifier>
    </Filter>
    <Filter Include="ソース ファイル\dx12\d3d11\context">
      <UniqueIdentifier>{88cb8675-fd2f-445a-b2e1-67939eb7790d}</UniqueIdentifier>
    </Filter>
    <Filter Include="ソース ファイル\dx12\shader\hlsl">
      <UniqueIdentifier>{162b5be9-6f57-4d9c-b2f7-57a516f119d4}</UniqueIdentifier>
    </Filter>
    <Filter Include="ヘッダー ファイル\obj_command">
      <UniqueIdentifier>{8c4ce1f3-9c02-4eca-b771-14d02dd016a3}</UniqueIdentifier>
    </Filter>
    <Filter Include="ソース ファイル\obj_command">
      <UniqueIdentifier>{e29343ca-5ba6-4323-a4a5-e280dd4badbe}</UniqueIdentifier>
    </Filter>
    <Filter Include="ヘッダー ファイル\obj_command\piece">
      <UniqueIdentifier>{574efc24-c1cf-4a2f-9b15-cdb916740aff}</UniqueIdentifier>
    </Filter>
    <Filter Include="ソース ファイル\obj_command\piece">
      <UniqueIdentifier>{3c9fa434-5203-4001-a971-49777abcede5}</UniqueIdentifier>
    </Filter>
    <Filter Include="ヘッダー ファイル\obj_command\camera">
      <UniqueIdentifier>{0da8114b-10ad-4354-8178-f30438c1af34}</UniqueIdentifier>
    </Filter>
    <Filter Include="ソース ファイル\obj_command\camera">
      <UniqueIdentifier>{904fbbc2-070d-4eae-9852-fba68df2b7ed}</UniqueIdentifier>
    </Filter>
    <Filter Include="ヘッダー ファイル\DX12\command">
      <UniqueIdentifier>{b401d5ab-f915-4127-898e-9dd429f5bd44}</UniqueIdentifier>
    </Filter>
    <Filter Include="ヘッダー ファイル\DX12\fence">
      <UniqueIdentifier>{77fa9810-5fd8-447b-9873-a18249dc3692}</UniqueIdentifier>
    </Filter>
    <Filter Include="ヘッダー ファイル\DX12\swap_chain">
      <UniqueIdentifier>{ead463a6-b449-49cb-bf0b-9ea61658180d}</UniqueIdentifier>
    </Filter>
    <Filter Include="ヘッダー ファイル\DX12\d3d11">
      <UniqueIdentifier>{2090c6dc-f043-427a-8f9a-553a1063381d}</UniqueIdentifier>
    </Filter>
    <Filter Include="ヘッダー ファイル\DX12\heap\factory\desc_offset">
      <UniqueIdentifier>{78fdbd35-dcee-4f92-a38b-ffb53c614d31}</UniqueIdentifier>
    </Filter>
    <Filter Include="ヘッダー ファイル\DX12\heap\factory\heap_desc">
      <UniqueIdentifier>{0d1d2c56-c6d3-4b2a-ac1e-4d9ef8815537}</UniqueIdentifier>
    </Filter>
    <Filter Include="ヘッダー ファイル\DX12\d3d11\d2d">
      <UniqueIdentifier>{11da42aa-d1ed-4c47-9e20-05b419e20293}</UniqueIdentifier>
    </Filter>
    <Filter Include="ヘッダー ファイル\DX12\d3d11\wrappe_buff">
      <UniqueIdentifier>{cc004109-94c3-4b11-8c75-19c744102379}</UniqueIdentifier>
    </Filter>
    <Filter Include="ヘッダー ファイル\DX12\d3d11\factory">
      <UniqueIdentifier>{1384760b-baea-4aa1-9975-d6dddd2ff29d}</UniqueIdentifier>
    </Filter>
    <Filter Include="ヘッダー ファイル\DX12\draw_area">
      <UniqueIdentifier>{103bdd01-c7e2-4471-8ebf-5c7f7e05dceb}</UniqueIdentifier>
    </Filter>
    <Filter Include="ヘッダー ファイル\DX12\input_layout">
      <UniqueIdentifier>{bb23dc31-f1cb-42e6-a856-bc39bea3a353}</UniqueIdentifier>
    </Filter>
    <Filter Include="ヘッダー ファイル\DX12\resource_barrier">
      <UniqueIdentifier>{0f28c504-cd5d-4094-beca-d606b5a4d613}</UniqueIdentifier>
    </Filter>
    <Filter Include="ソース ファイル\key_map">
      <UniqueIdentifier>{31fe555d-f8f5-4f7d-bd70-caa2e40237e0}</UniqueIdentifier>
    </Filter>
    <Filter Include="ヘッダー ファイル\key_map">
      <UniqueIdentifier>{54f4de9d-ec76-4f59-834a-1e00085e3871}</UniqueIdentifier>
    </Filter>
    <Filter Include="ヘッダー ファイル\buffered_data">
      <UniqueIdentifier>{01903c31-7a31-41e5-92f9-f56d4d7a3b22}</UniqueIdentifier>
    </Filter>
    <Filter Include="ヘッダー ファイル\buffered_data\game_object">
      <UniqueIdentifier>{d881fad7-e34a-48b6-9fb2-44f03971fec5}</UniqueIdentifier>
    </Filter>
    <Filter Include="ヘッダー ファイル\buffered_data\game_object\shogi_obj">
      <UniqueIdentifier>{6376bcf5-0473-4c76-b5a4-46d9742c14d3}</UniqueIdentifier>
    </Filter>
    <Filter Include="ヘッダー ファイル\buffered_data\game_object\shogi_obj\board">
      <UniqueIdentifier>{87a704ed-e82c-4da5-8b2a-c2805a1f4977}</UniqueIdentifier>
    </Filter>
    <Filter Include="ヘッダー ファイル\buffered_data\game_object\shogi_obj\piece">
      <UniqueIdentifier>{2bd42877-1574-4e0f-a8f7-2818e3cb5618}</UniqueIdentifier>
    </Filter>
    <Filter Include="ヘッダー ファイル\buffered_data\game_object\shogi_obj\factory">
      <UniqueIdentifier>{471b672a-ce78-45e0-914a-746235cc279d}</UniqueIdentifier>
    </Filter>
    <Filter Include="ヘッダー ファイル\buffered_data\camera">
      <UniqueIdentifier>{a78ac816-a598-4763-9e7a-2ff808c950ba}</UniqueIdentifier>
    </Filter>
    <Filter Include="ヘッダー ファイル\buffered_data\texture">
      <UniqueIdentifier>{44432d83-16dc-4546-9d63-92123a216c25}</UniqueIdentifier>
    </Filter>
    <Filter Include="ヘッダー ファイル\buffered_data\mat">
      <UniqueIdentifier>{fc19dabf-7165-4134-b5f0-631b66fb8856}</UniqueIdentifier>
    </Filter>
    <Filter Include="ソース ファイル\buffered_data">
      <UniqueIdentifier>{d63670e8-482e-4889-851a-c810232a8a6b}</UniqueIdentifier>
    </Filter>
    <Filter Include="ソース ファイル\buffered_data\game_object">
      <UniqueIdentifier>{3e13e98a-014b-4f54-b232-5915bbe2e892}</UniqueIdentifier>
    </Filter>
    <Filter Include="ソース ファイル\buffered_data\game_object\shogi_obj">
      <UniqueIdentifier>{1d831363-e1a4-4b1f-9d15-cf0fc9915b12}</UniqueIdentifier>
    </Filter>
    <Filter Include="ソース ファイル\buffered_data\game_object\shogi_obj\piece">
      <UniqueIdentifier>{3d481703-f3c4-41a4-b0ea-af4422b539b1}</UniqueIdentifier>
    </Filter>
    <Filter Include="ソース ファイル\buffered_data\game_object\shogi_obj\board">
      <UniqueIdentifier>{dca7bc76-6bfd-47e8-b136-fe2cf963029c}</UniqueIdentifier>
    </Filter>
    <Filter Include="ソース ファイル\buffered_data\game_object\shogi_obj\factory">
      <UniqueIdentifier>{65995f4d-91d0-4aad-aaf3-2260432487e3}</UniqueIdentifier>
    </Filter>
    <Filter Include="ソース ファイル\buffered_data\game_object\ui_obj">
      <UniqueIdentifier>{65e7c6ff-c5b2-475f-a1c4-c3d7217c4d09}</UniqueIdentifier>
    </Filter>
    <Filter Include="ソース ファイル\buffered_data\mat">
      <UniqueIdentifier>{4b4b839d-9110-4bfa-8fe1-f40e1ff19b55}</UniqueIdentifier>
    </Filter>
    <Filter Include="ソース ファイル\buffered_data\texutre">
      <UniqueIdentifier>{3cdc27ce-8990-4015-94e0-2c5d42ddb6af}</UniqueIdentifier>
    </Filter>
    <Filter Include="ヘッダー ファイル\buffered_data\texture\factory">
      <UniqueIdentifier>{83c8fac9-d219-4c53-82b0-85da80e3001a}</UniqueIdentifier>
    </Filter>
    <Filter Include="ヘッダー ファイル\buffered_data\game_object\factory">
      <UniqueIdentifier>{b51f4ee6-d02d-4c8c-920d-2bfe256db2fc}</UniqueIdentifier>
    </Filter>
    <Filter Include="ヘッダー ファイル\buffered_data\ui_obj">
      <UniqueIdentifier>{ebc9e406-b167-4c56-8680-5810b3868a77}</UniqueIdentifier>
    </Filter>
  </ItemGroup>
  <ItemGroup>
    <ClCompile Include="src\Application.cpp">
      <Filter>ソース ファイル</Filter>
    </ClCompile>
    <ClCompile Include="src\DX12.cpp">
      <Filter>ソース ファイル\dx12</Filter>
    </ClCompile>
    <ClCompile Include="src\main.cpp">
      <Filter>ソース ファイル</Filter>
    </ClCompile>
    <ClCompile Include="src\GameWindow.cpp">
      <Filter>ソース ファイル\game_window</Filter>
    </ClCompile>
    <ClCompile Include="src\KeyMap.cpp">
      <Filter>ソース ファイル\key_map</Filter>
    </ClCompile>
    <ClCompile Include="src\MovingPiece.cpp">
      <Filter>ソース ファイル\scene_state</Filter>
    </ClCompile>
    <ClCompile Include="src\InputHandler.cpp">
      <Filter>ソース ファイル\input_handler</Filter>
    </ClCompile>
    <ClCompile Include="src\Piece.cpp">
      <Filter>ソース ファイル\buffered_data\game_object\shogi_obj\piece</Filter>
    </ClCompile>
    <ClCompile Include="src\SwapChain.cpp">
      <Filter>ソース ファイル\dx12\swap_chain</Filter>
    </ClCompile>
    <ClCompile Include="src\CmdAllocator.cpp">
      <Filter>ソース ファイル\dx12\command</Filter>
    </ClCompile>
    <ClCompile Include="src\CmdList.cpp">
      <Filter>ソース ファイル\dx12\command</Filter>
    </ClCompile>
    <ClCompile Include="src\CmdQueue.cpp">
      <Filter>ソース ファイル\dx12\command</Filter>
    </ClCompile>
    <ClCompile Include="src\Fence.cpp">
      <Filter>ソース ファイル\dx12\fence</Filter>
    </ClCompile>
    <ClCompile Include="src\RootSignature.cpp">
      <Filter>ソース ファイル\dx12\root_signature</Filter>
    </ClCompile>
    <ClCompile Include="src\Pipeline.cpp">
      <Filter>ソース ファイル\dx12\pipeline</Filter>
    </ClCompile>
    <ClCompile Include="src\Board.cpp">
      <Filter>ソース ファイル\buffered_data\game_object\shogi_obj\board</Filter>
    </ClCompile>
    <ClCompile Include="src\Device.cpp">
      <Filter>ソース ファイル\dx12\factory</Filter>
    </ClCompile>
    <ClCompile Include="src\DXGIFactory.cpp">
      <Filter>ソース ファイル\dx12\factory</Filter>
    </ClCompile>
    <ClCompile Include="src\Adapter.cpp">
      <Filter>ソース ファイル\dx12\factory</Filter>
    </ClCompile>
    <ClCompile Include="src\CSUHeap.cpp">
      <Filter>ソース ファイル\dx12\heap</Filter>
    </ClCompile>
    <ClCompile Include="src\Heap.cpp">
      <Filter>ソース ファイル\dx12\heap</Filter>
    </ClCompile>
    <ClCompile Include="src\CSUOffset.cpp">
      <Filter>ソース ファイル\dx12\heap\desc_offset</Filter>
    </ClCompile>
    <ClCompile Include="src\DSVOffset.cpp">
      <Filter>ソース ファイル\dx12\heap\desc_offset</Filter>
    </ClCompile>
    <ClCompile Include="src\RTVOffset.cpp">
      <Filter>ソース ファイル\dx12\heap\desc_offset</Filter>
    </ClCompile>
    <ClCompile Include="src\CSUHeapDesc.cpp">
      <Filter>ソース ファイル\dx12\heap\heap_desc</Filter>
    </ClCompile>
    <ClCompile Include="src\DSVHeapDesc.cpp">
      <Filter>ソース ファイル\dx12\heap\heap_desc</Filter>
    </ClCompile>
    <ClCompile Include="src\RTVHeapDesc.cpp">
      <Filter>ソース ファイル\dx12\heap\heap_desc</Filter>
    </ClCompile>
    <ClCompile Include="src\Buff.cpp">
      <Filter>ソース ファイル\dx12\buff</Filter>
    </ClCompile>
    <ClCompile Include="src\HeapFactory.cpp">
      <Filter>ソース ファイル\dx12\heap\factory</Filter>
    </ClCompile>
    <ClCompile Include="src\CBVFactory.cpp">
      <Filter>ソース ファイル\dx12\view</Filter>
    </ClCompile>
    <ClCompile Include="src\SRVFactory.cpp">
      <Filter>ソース ファイル\dx12\view</Filter>
    </ClCompile>
    <ClCompile Include="src\RTVFactory.cpp">
      <Filter>ソース ファイル\dx12\view</Filter>
    </ClCompile>
    <ClCompile Include="src\DSVFactory.cpp">
      <Filter>ソース ファイル\dx12\view</Filter>
    </ClCompile>
    <ClCompile Include="src\ConstBuffFactory.cpp">
      <Filter>ソース ファイル\dx12\buff\factory</Filter>
    </ClCompile>
    <ClCompile Include="src\IdxBuffFactory.cpp">
      <Filter>ソース ファイル\dx12\buff\factory</Filter>
    </ClCompile>
    <ClCompile Include="src\VertBuffFactory.cpp">
      <Filter>ソース ファイル\dx12\buff\factory</Filter>
    </ClCompile>
    <ClCompile Include="src\ReadResourceStates.cpp">
      <Filter>ソース ファイル\dx12\buff\factory\resource_states</Filter>
    </ClCompile>
    <ClCompile Include="header\DefaultHeapProp.cpp">
      <Filter>ソース ファイル\dx12\buff\factory\heap_prop</Filter>
    </ClCompile>
    <ClCompile Include="src\UploadHeapProp.cpp">
      <Filter>ソース ファイル\dx12\buff\factory\heap_prop</Filter>
    </ClCompile>
    <ClCompile Include="src\BuffResourceDesc.cpp">
      <Filter>ソース ファイル\dx12\buff\factory\resource_desc</Filter>
    </ClCompile>
    <ClCompile Include="src\DSResourceDesc.cpp">
      <Filter>ソース ファイル\dx12\buff\factory\resource_desc</Filter>
    </ClCompile>
    <ClCompile Include="src\DSBuffFactory.cpp">
      <Filter>ソース ファイル\dx12\buff\factory</Filter>
    </ClCompile>
    <ClCompile Include="src\DepthWriteResourceStates.cpp">
      <Filter>ソース ファイル\dx12\buff\factory\resource_states</Filter>
    </ClCompile>
    <ClCompile Include="src\TexHeapProp.cpp">
      <Filter>ソース ファイル\dx12\buff\factory\heap_prop</Filter>
    </ClCompile>
    <ClCompile Include="src\TexResourceDesc.cpp">
      <Filter>ソース ファイル\dx12\buff\factory\resource_desc</Filter>
    </ClCompile>
    <ClCompile Include="src\PShaderResourceStates.cpp">
      <Filter>ソース ファイル\dx12\buff\factory\resource_states</Filter>
    </ClCompile>
    <ClCompile Include="src\TexBuffFactory.cpp">
      <Filter>ソース ファイル\dx12\buff\factory</Filter>
    </ClCompile>
    <ClCompile Include="src\ResourceBarrier.cpp">
      <Filter>ソース ファイル\dx12\resource_barrier</Filter>
    </ClCompile>
    <ClCompile Include="src\D2DDeviceContext.cpp">
      <Filter>ソース ファイル\dx12\d3d11\d2d</Filter>
    </ClCompile>
    <ClCompile Include="src\D2DRenderTarget.cpp">
      <Filter>ソース ファイル\dx12\d3d11\d2d</Filter>
    </ClCompile>
    <ClCompile Include="src\Brush.cpp">
      <Filter>ソース ファイル\dx12\d3d11\d2d</Filter>
    </ClCompile>
    <ClCompile Include="src\WrappedBuff.cpp">
      <Filter>ソース ファイル\dx12\d3d11\wrapped_buff</Filter>
    </ClCompile>
    <ClCompile Include="src\Device11.cpp">
      <Filter>ソース ファイル\dx12\d3d11\factory</Filter>
    </ClCompile>
    <ClCompile Include="src\DWriteFactory.cpp">
      <Filter>ソース ファイル\dx12\d3d11\factory</Filter>
    </ClCompile>
    <ClCompile Include="src\DeviceContext.cpp">
      <Filter>ソース ファイル\dx12\d3d11\context</Filter>
    </ClCompile>
    <ClCompile Include="src\BoardFactory.cpp">
      <Filter>ソース ファイル\buffered_data\game_object\shogi_obj\factory</Filter>
    </ClCompile>
    <ClCompile Include="src\PieceFactory.cpp">
      <Filter>ソース ファイル\buffered_data\game_object\shogi_obj\factory</Filter>
    </ClCompile>
    <ClCompile Include="src\RenderTexBuffFactory.cpp">
      <Filter>ソース ファイル\dx12\buff\factory</Filter>
    </ClCompile>
    <ClCompile Include="src\ViewMat.cpp">
      <Filter>ソース ファイル\buffered_data\mat</Filter>
    </ClCompile>
    <ClCompile Include="src\WorldMat.cpp">
      <Filter>ソース ファイル\buffered_data\mat</Filter>
    </ClCompile>
    <ClCompile Include="src\StartMenu.cpp">
      <Filter>ソース ファイル\scene_state</Filter>
    </ClCompile>
    <ClCompile Include="src\TextFormat.cpp">
      <Filter>ソース ファイル</Filter>
    </ClCompile>
    <ClCompile Include="src\PersProjMat.cpp">
      <Filter>ソース ファイル\buffered_data\mat</Filter>
    </ClCompile>
    <ClCompile Include="src\NonePersProjMat.cpp">
      <Filter>ソース ファイル\buffered_data\mat</Filter>
    </ClCompile>
    <ClCompile Include="src\SelectingPiece.cpp">
      <Filter>ソース ファイル\scene_state</Filter>
    </ClCompile>
    <ClCompile Include="src\UIObj.cpp">
      <Filter>ソース ファイル\buffered_data\game_object\ui_obj</Filter>
    </ClCompile>
    <ClCompile Include="src\BoardVertIndicesFactory.cpp">
      <Filter>ソース ファイル\buffered_data\game_object\shogi_obj\factory</Filter>
    </ClCompile>
    <ClCompile Include="src\PieceVertIndicesFactory.cpp">
      <Filter>ソース ファイル\buffered_data\game_object\shogi_obj\factory</Filter>
    </ClCompile>
    <ClCompile Include="src\Shader.cpp">
      <Filter>ソース ファイル\dx12\shader</Filter>
    </ClCompile>
    <ClCompile Include="src\Camera.cpp">
      <Filter>ソース ファイル\buffered_data</Filter>
    </ClCompile>
    <ClCompile Include="src\VecCalc.cpp">
      <Filter>ソース ファイル\buffered_data\mat</Filter>
    </ClCompile>
    <ClCompile Include="src\YellowWoodTexFactory.cpp">
      <Filter>ソース ファイル\buffered_data\texutre</Filter>
    </ClCompile>
    <ClCompile Include="src\Texture.cpp">
      <Filter>ソース ファイル\buffered_data\texutre</Filter>
    </ClCompile>
  </ItemGroup>
  <ItemGroup>
    <ClInclude Include="header\Application.h">
      <Filter>ヘッダー ファイル</Filter>
    </ClInclude>
    <ClInclude Include="header\DX12.h">
      <Filter>ヘッダー ファイル\DX12</Filter>
    </ClInclude>
    <ClInclude Include="header\GameWindow.h">
      <Filter>ヘッダー ファイル\game_window</Filter>
    </ClInclude>
    <ClInclude Include="header\KeyMap.h">
      <Filter>ヘッダー ファイル\key_map</Filter>
    </ClInclude>
    <ClInclude Include="header\ISceneState.h">
      <Filter>ヘッダー ファイル\scene_state</Filter>
    </ClInclude>
    <ClInclude Include="header\MovingPiece.h">
      <Filter>ヘッダー ファイル\scene_state</Filter>
    </ClInclude>
    <ClInclude Include="header\InputHandler.h">
      <Filter>ヘッダー ファイル\input_handler</Filter>
    </ClInclude>
    <ClInclude Include="header\Piece.h">
      <Filter>ヘッダー ファイル\buffered_data\game_object\shogi_obj\piece</Filter>
    </ClInclude>
    <ClInclude Include="header\SwapChain.h">
      <Filter>ヘッダー ファイル\DX12\swap_chain</Filter>
    </ClInclude>
    <ClInclude Include="header\CmdAllocator.h">
      <Filter>ヘッダー ファイル\DX12\command</Filter>
    </ClInclude>
    <ClInclude Include="header\CmdList.h">
      <Filter>ヘッダー ファイル\DX12\command</Filter>
    </ClInclude>
    <ClInclude Include="header\CmdQueue.h">
      <Filter>ヘッダー ファイル\DX12\command</Filter>
    </ClInclude>
    <ClInclude Include="header\Fence.h">
      <Filter>ヘッダー ファイル\DX12\fence</Filter>
    </ClInclude>
    <ClInclude Include="header\Pipeline.h">
      <Filter>ヘッダー ファイル\DX12\pipeline</Filter>
    </ClInclude>
    <ClInclude Include="header\RootSignature.h">
      <Filter>ヘッダー ファイル\DX12\root_signature</Filter>
    </ClInclude>
    <ClInclude Include="header\Board.h">
      <Filter>ヘッダー ファイル\buffered_data\game_object\shogi_obj\board</Filter>
    </ClInclude>
    <ClInclude Include="header\IMouse.h">
      <Filter>ヘッダー ファイル\mouse</Filter>
    </ClInclude>
    <ClInclude Include="header\IHeapDesc.h">
      <Filter>ヘッダー ファイル\DX12\heap\factory\heap_desc</Filter>
    </ClInclude>
    <ClInclude Include="header\DSVHeapDesc.h">
      <Filter>ヘッダー ファイル\DX12\heap\factory\heap_desc</Filter>
    </ClInclude>
    <ClInclude Include="header\RTVHeapDesc.h">
      <Filter>ヘッダー ファイル\DX12\heap\factory\heap_desc</Filter>
    </ClInclude>
    <ClInclude Include="header\CSUHeapDesc.h">
      <Filter>ヘッダー ファイル\DX12\heap\factory\heap_desc</Filter>
    </ClInclude>
    <ClInclude Include="header\CSUOffset.h">
      <Filter>ヘッダー ファイル\DX12\heap\factory\desc_offset</Filter>
    </ClInclude>
    <ClInclude Include="header\DSVOffset.h">
      <Filter>ヘッダー ファイル\DX12\heap\factory\desc_offset</Filter>
    </ClInclude>
    <ClInclude Include="header\IDescOffset.h">
      <Filter>ヘッダー ファイル\DX12\heap\factory\desc_offset</Filter>
    </ClInclude>
    <ClInclude Include="header\RTVOffset.h">
      <Filter>ヘッダー ファイル\DX12\heap\factory\desc_offset</Filter>
    </ClInclude>
    <ClInclude Include="header\Heap.h">
      <Filter>ヘッダー ファイル\DX12\heap</Filter>
    </ClInclude>
    <ClInclude Include="header\CSUHeap.h">
      <Filter>ヘッダー ファイル\DX12\heap</Filter>
    </ClInclude>
    <ClInclude Include="header\Buff.h">
      <Filter>ヘッダー ファイル\DX12\buff</Filter>
    </ClInclude>
    <ClInclude Include="header\RTVHeapFactory.h">
      <Filter>ヘッダー ファイル\DX12\heap\factory</Filter>
    </ClInclude>
    <ClInclude Include="header\HeapFactory.h">
      <Filter>ヘッダー ファイル\DX12\heap\factory</Filter>
    </ClInclude>
    <ClInclude Include="header\DSVHeapFactory.h">
      <Filter>ヘッダー ファイル\DX12\heap\factory</Filter>
    </ClInclude>
    <ClInclude Include="header\CSUHeapFactory.h">
      <Filter>ヘッダー ファイル\DX12\heap\factory</Filter>
    </ClInclude>
    <ClInclude Include="header\View.h">
      <Filter>ヘッダー ファイル\DX12\view</Filter>
    </ClInclude>
    <ClInclude Include="header\IViewFactory.h">
      <Filter>ヘッダー ファイル\DX12\view\factory</Filter>
    </ClInclude>
    <ClInclude Include="header\RTVFactory.h">
      <Filter>ヘッダー ファイル\DX12\view\factory</Filter>
    </ClInclude>
    <ClInclude Include="header\DSVFactory.h">
      <Filter>ヘッダー ファイル\DX12\view\factory</Filter>
    </ClInclude>
    <ClInclude Include="header\CBVFactory.h">
      <Filter>ヘッダー ファイル\DX12\view\factory</Filter>
    </ClInclude>
    <ClInclude Include="header\SRVFactory.h">
      <Filter>ヘッダー ファイル\DX12\view\factory</Filter>
    </ClInclude>
    <ClInclude Include="header\IHeapProp.h">
      <Filter>ヘッダー ファイル\DX12\buff\factory\heap_prop</Filter>
    </ClInclude>
    <ClInclude Include="header\IResourceDesc.h">
      <Filter>ヘッダー ファイル\DX12\buff\factory\resource_desc</Filter>
    </ClInclude>
    <ClInclude Include="header\IBuffFactory.h">
      <Filter>ヘッダー ファイル\DX12\buff\factory</Filter>
    </ClInclude>
    <ClInclude Include="header\IResourceStates.h">
      <Filter>ヘッダー ファイル\DX12\buff\factory\resource_state</Filter>
    </ClInclude>
    <ClInclude Include="header\ConstBuffFactory.h">
      <Filter>ヘッダー ファイル\DX12\buff\factory</Filter>
    </ClInclude>
    <ClInclude Include="header\UploadHeapProp.h">
      <Filter>ヘッダー ファイル\DX12\buff\factory\heap_prop</Filter>
    </ClInclude>
    <ClInclude Include="header\BuffResourceDesc.h">
      <Filter>ヘッダー ファイル\DX12\buff\factory\resource_desc</Filter>
    </ClInclude>
    <ClInclude Include="header\ReadResourceStates.h">
      <Filter>ヘッダー ファイル\DX12\buff\factory\resource_state</Filter>
    </ClInclude>
    <ClInclude Include="header\IdxBuffFactory.h">
      <Filter>ヘッダー ファイル\DX12\buff\factory</Filter>
    </ClInclude>
    <ClInclude Include="header\VertBuffFactory.h">
      <Filter>ヘッダー ファイル\DX12\buff\factory</Filter>
    </ClInclude>
    <ClInclude Include="header\DefaultHeapProp.h">
      <Filter>ヘッダー ファイル\DX12\buff\factory\heap_prop</Filter>
    </ClInclude>
    <ClInclude Include="header\DSResourceDesc.h">
      <Filter>ヘッダー ファイル\DX12\buff\factory\resource_desc</Filter>
    </ClInclude>
    <ClInclude Include="header\DSBuffFactory.h">
      <Filter>ヘッダー ファイル\DX12\buff\factory</Filter>
    </ClInclude>
    <ClInclude Include="header\DepthWriteResourceStates.h">
      <Filter>ヘッダー ファイル\DX12\buff\factory\resource_state</Filter>
    </ClInclude>
    <ClInclude Include="header\TexHeapProp.h">
      <Filter>ヘッダー ファイル\DX12\buff\factory\heap_prop</Filter>
    </ClInclude>
    <ClInclude Include="header\TexResourceDesc.h">
      <Filter>ヘッダー ファイル\DX12\buff\factory\resource_desc</Filter>
    </ClInclude>
    <ClInclude Include="header\PShaderResourceStates.h">
      <Filter>ヘッダー ファイル\DX12\buff\factory\resource_state</Filter>
    </ClInclude>
    <ClInclude Include="header\ICommand.h">
      <Filter>ヘッダー ファイル\obj_command\piece</Filter>
    </ClInclude>
    <ClInclude Include="header\DeviceContext.h">
      <Filter>ヘッダー ファイル\DX12\d3d11</Filter>
    </ClInclude>
    <ClInclude Include="header\Device.h">
      <Filter>ヘッダー ファイル\DX12\factory</Filter>
    </ClInclude>
    <ClInclude Include="header\DXGIFactory.h">
      <Filter>ヘッダー ファイル\DX12\factory</Filter>
    </ClInclude>
    <ClInclude Include="header\Adapter.h">
      <Filter>ヘッダー ファイル\DX12\factory</Filter>
    </ClInclude>
    <ClInclude Include="header\TextFormat.h">
      <Filter>ヘッダー ファイル\DX12\d3d11</Filter>
    </ClInclude>
    <ClInclude Include="header\D2DDeviceContext.h">
      <Filter>ヘッダー ファイル\DX12\d3d11\d2d</Filter>
    </ClInclude>
    <ClInclude Include="header\D2DRenderTarget.h">
      <Filter>ヘッダー ファイル\DX12\d3d11\d2d</Filter>
    </ClInclude>
    <ClInclude Include="header\Brush.h">
      <Filter>ヘッダー ファイル\DX12\d3d11\d2d</Filter>
    </ClInclude>
    <ClInclude Include="header\WrappedBuff.h">
      <Filter>ヘッダー ファイル\DX12\d3d11\wrappe_buff</Filter>
    </ClInclude>
    <ClInclude Include="header\Device11.h">
      <Filter>ヘッダー ファイル\DX12\d3d11\factory</Filter>
    </ClInclude>
    <ClInclude Include="header\DWriteFactory.h">
      <Filter>ヘッダー ファイル\DX12\d3d11\factory</Filter>
    </ClInclude>
    <ClInclude Include="header\InputLayout.h">
      <Filter>ヘッダー ファイル\DX12\input_layout</Filter>
    </ClInclude>
    <ClInclude Include="header\ResourceBarrier.h">
      <Filter>ヘッダー ファイル\DX12\resource_barrier</Filter>
    </ClInclude>
    <ClInclude Include="header\TexBuffFactory.h">
      <Filter>ヘッダー ファイル\DX12\buff\factory</Filter>
    </ClInclude>
    <ClInclude Include="header\IGameObjFactory.h">
      <Filter>ヘッダー ファイル\buffered_data\game_object\shogi_obj\factory</Filter>
    </ClInclude>
    <ClInclude Include="header\BoardFactory.h">
      <Filter>ヘッダー ファイル\buffered_data\game_object\shogi_obj\factory</Filter>
    </ClInclude>
    <ClInclude Include="header\PieceFactory.h">
      <Filter>ヘッダー ファイル\buffered_data\game_object\shogi_obj\factory</Filter>
    </ClInclude>
    <ClInclude Include="header\RenderTexBuffFactory.h">
      <Filter>ヘッダー ファイル\DX12\buff\factory</Filter>
    </ClInclude>
    <ClInclude Include="header\IMat.h">
      <Filter>ヘッダー ファイル\buffered_data\mat</Filter>
    </ClInclude>
    <ClInclude Include="header\ViewMat.h">
      <Filter>ヘッダー ファイル\buffered_data\mat</Filter>
    </ClInclude>
    <ClInclude Include="header\WorldMat.h">
      <Filter>ヘッダー ファイル\buffered_data\mat</Filter>
    </ClInclude>
    <ClInclude Include="header\StartMenu.h">
      <Filter>ヘッダー ファイル\scene_state</Filter>
    </ClInclude>
    <ClInclude Include="header\PersProjMat.h">
      <Filter>ヘッダー ファイル\buffered_data\mat</Filter>
    </ClInclude>
    <ClInclude Include="header\NonePersProjMat.h">
      <Filter>ヘッダー ファイル\buffered_data\mat</Filter>
    </ClInclude>
    <ClInclude Include="header\SelectingPiece.h">
      <Filter>ヘッダー ファイル\scene_state</Filter>
    </ClInclude>
    <ClInclude Include="header\ClipZRange.h">
      <Filter>ヘッダー ファイル\buffered_data\mat</Filter>
    </ClInclude>
    <ClInclude Include="header\Shader.h">
      <Filter>ヘッダー ファイル\DX12\shader</Filter>
    </ClInclude>
    <ClInclude Include="header\GameObj.h">
      <Filter>ヘッダー ファイル\buffered_data\game_object</Filter>
    </ClInclude>
    <ClInclude Include="header\BufferedData.h">
      <Filter>ヘッダー ファイル\buffered_data</Filter>
    </ClInclude>
    <ClInclude Include="header\VecCalc.h">
      <Filter>ヘッダー ファイル\buffered_data\mat</Filter>
    </ClInclude>
    <ClInclude Include="header\Camera.h">
      <Filter>ヘッダー ファイル\buffered_data\camera</Filter>
    </ClInclude>
    <ClInclude Include="header\Texture.h">
      <Filter>ヘッダー ファイル\buffered_data\texture</Filter>
    </ClInclude>
    <ClInclude Include="header\ITexFactory.h">
      <Filter>ヘッダー ファイル\buffered_data\texture\factory</Filter>
    </ClInclude>
    <ClInclude Include="header\YellowWoodTexFactory.h">
      <Filter>ヘッダー ファイル\buffered_data\texture\factory</Filter>
    </ClInclude>
    <ClInclude Include="header\NaturalBufferedData.h">
      <Filter>ヘッダー ファイル\buffered_data</Filter>
    </ClInclude>
    <ClInclude Include="header\IVertIndicesFactory.h">
      <Filter>ヘッダー ファイル\buffered_data\game_object\factory</Filter>
    </ClInclude>
    <ClInclude Include="header\BoardVertIndicesFactory.h">
      <Filter>ヘッダー ファイル\buffered_data\game_object\factory</Filter>
    </ClInclude>
    <ClInclude Include="header\PieceVertIndicesFactory.h">
      <Filter>ヘッダー ファイル\buffered_data\game_object\factory</Filter>
    </ClInclude>
    <ClInclude Include="header\UIObj.h">
      <Filter>ヘッダー ファイル\buffered_data\ui_obj</Filter>
    </ClInclude>
  </ItemGroup>
  <ItemGroup>
    <FxCompile Include="shader\PixelShader.hlsl">
      <Filter>ソース ファイル\dx12\shader\hlsl</Filter>
    </FxCompile>
    <FxCompile Include="shader\VertexShader.hlsl">
      <Filter>ソース ファイル\dx12\shader\hlsl</Filter>
    </FxCompile>
  </ItemGroup>
  <ItemGroup>
    <None Include="shader\Shader.hlsli">
      <Filter>ソース ファイル\dx12\shader\hlsl</Filter>
    </None>
  </ItemGroup>
</Project>